// !$*UTF8*$!
{
	archiveVersion = 1;
	classes = {
	};
	objectVersion = 46;
	objects = {

/* Begin PBXBuildFile section */
		290F8C4B1DA8A350007237AE /* TabBarController.swift in Sources */ = {isa = PBXBuildFile; fileRef = 290F8C4A1DA8A350007237AE /* TabBarController.swift */; };
		290F8C4D1DA8A728007237AE /* UIVisualViewEffect.swift in Sources */ = {isa = PBXBuildFile; fileRef = 290F8C4C1DA8A728007237AE /* UIVisualViewEffect.swift */; };
		290F8C4F1DA9318A007237AE /* FeaturedStreamCell.swift in Sources */ = {isa = PBXBuildFile; fileRef = 290F8C4E1DA9318A007237AE /* FeaturedStreamCell.swift */; };
		29DA0B261CFA031600E30ADE /* STMTests.swift in Sources */ = {isa = PBXBuildFile; fileRef = 29DA0B251CFA031600E30ADE /* STMTests.swift */; };
		29E6E3231DA1364700E2D2CD /* WalkthroughViewController.swift in Sources */ = {isa = PBXBuildFile; fileRef = 29E6E3221DA1364700E2D2CD /* WalkthroughViewController.swift */; };
		EA01AF8A1C5CB3C500F56792 /* SignInViewController.swift in Sources */ = {isa = PBXBuildFile; fileRef = EA01AF891C5CB3C500F56792 /* SignInViewController.swift */; };
		EA01AF911C5CB8DC00F56792 /* DashboardViewController.swift in Sources */ = {isa = PBXBuildFile; fileRef = EA01AF901C5CB8DC00F56792 /* DashboardViewController.swift */; };
		EA01AF931C5CBCA600F56792 /* STMUser.swift in Sources */ = {isa = PBXBuildFile; fileRef = EA01AF921C5CBCA600F56792 /* STMUser.swift */; };
		EA01AF961C5CC48700F56792 /* CreateStreamViewController.swift in Sources */ = {isa = PBXBuildFile; fileRef = EA01AF951C5CC48700F56792 /* CreateStreamViewController.swift */; };
		EA01AF981C5CD67E00F56792 /* HostViewController.swift in Sources */ = {isa = PBXBuildFile; fileRef = EA01AF971C5CD67E00F56792 /* HostViewController.swift */; };
		EA09CAAD1C5C41510067FF6A /* AppDelegate.swift in Sources */ = {isa = PBXBuildFile; fileRef = EA09CAAC1C5C41510067FF6A /* AppDelegate.swift */; };
		EA09CAB41C5C41510067FF6A /* Assets.xcassets in Resources */ = {isa = PBXBuildFile; fileRef = EA09CAB31C5C41510067FF6A /* Assets.xcassets */; };
		EA09CAC41C5C5CD30067FF6A /* InitialViewController.swift in Sources */ = {isa = PBXBuildFile; fileRef = EA09CAC31C5C5CD30067FF6A /* InitialViewController.swift */; };
		EA09CAC61C5C5D040067FF6A /* Window.swift in Sources */ = {isa = PBXBuildFile; fileRef = EA09CAC51C5C5D040067FF6A /* Window.swift */; };
		EA09CAC81C5C5D170067FF6A /* Constants.swift in Sources */ = {isa = PBXBuildFile; fileRef = EA09CAC71C5C5D170067FF6A /* Constants.swift */; };
		EA09CACB1C5C63A20067FF6A /* LaunchScreen.storyboard in Resources */ = {isa = PBXBuildFile; fileRef = EA09CACA1C5C63A20067FF6A /* LaunchScreen.storyboard */; };
		EA09CAD01C5C84B00067FF6A /* UIButtonStyles.swift in Sources */ = {isa = PBXBuildFile; fileRef = EA09CACF1C5C84B00067FF6A /* UIButtonStyles.swift */; };
		EA09CAD21C5C85AF0067FF6A /* CreateAccountViewController.swift in Sources */ = {isa = PBXBuildFile; fileRef = EA09CAD11C5C85AF0067FF6A /* CreateAccountViewController.swift */; };
		EA09CAD41C5C86430067FF6A /* UITextFieldStyles.swift in Sources */ = {isa = PBXBuildFile; fileRef = EA09CAD31C5C86430067FF6A /* UITextFieldStyles.swift */; };
		EA09CAD71C5C89A50067FF6A /* NavigationController.swift in Sources */ = {isa = PBXBuildFile; fileRef = EA09CAD61C5C89A50067FF6A /* NavigationController.swift */; };
		EA209DAA1C8292A800A22BC4 /* DashboardItemCell.swift in Sources */ = {isa = PBXBuildFile; fileRef = EA209DA91C8292A800A22BC4 /* DashboardItemCell.swift */; };
		EA209DAD1C829B8500A22BC4 /* DashboardItemCollectionCell.swift in Sources */ = {isa = PBXBuildFile; fileRef = EA209DAC1C829B8500A22BC4 /* DashboardItemCollectionCell.swift */; };
		EA209DAF1C82BAB700A22BC4 /* STMDashboardItem.swift in Sources */ = {isa = PBXBuildFile; fileRef = EA209DAE1C82BAB700A22BC4 /* STMDashboardItem.swift */; };
		EA24C0631C683F8300FE4DD0 /* MCSwipeCell.swift in Sources */ = {isa = PBXBuildFile; fileRef = EA24C0621C683F8300FE4DD0 /* MCSwipeCell.swift */; };
		EA24C0651C68418600FE4DD0 /* UpNextSongCell.swift in Sources */ = {isa = PBXBuildFile; fileRef = EA24C0641C68418600FE4DD0 /* UpNextSongCell.swift */; };
		EA27B1FC1C5D2D05006F269D /* STMStream.swift in Sources */ = {isa = PBXBuildFile; fileRef = EA27B1FB1C5D2D05006F269D /* STMStream.swift */; };
		EA27B2031C5D3312006F269D /* KZPlayerItem.swift in Sources */ = {isa = PBXBuildFile; fileRef = EA27B1FF1C5D3312006F269D /* KZPlayerItem.swift */; };
		EA2898A21CD328520025F43B /* CellButton.swift in Sources */ = {isa = PBXBuildFile; fileRef = EA2898A11CD328520025F43B /* CellButton.swift */; };
		EA2898A51CD3E9080025F43B /* CommentViewController.swift in Sources */ = {isa = PBXBuildFile; fileRef = EA2898A41CD3E9080025F43B /* CommentViewController.swift */; };
		EA2898A71CD3ED1B0025F43B /* ExtendedUserCommentCell.swift in Sources */ = {isa = PBXBuildFile; fileRef = EA2898A61CD3ED1B0025F43B /* ExtendedUserCommentCell.swift */; };
		EA2898AA1CD461410025F43B /* MessagesViewController.swift in Sources */ = {isa = PBXBuildFile; fileRef = EA2898A91CD461410025F43B /* MessagesViewController.swift */; };
		EA2898AC1CD4A7260025F43B /* NewMessageViewController.swift in Sources */ = {isa = PBXBuildFile; fileRef = EA2898AB1CD4A7260025F43B /* NewMessageViewController.swift */; };
		EA2898AE1CD4AD1F0025F43B /* UserSelectionCell.swift in Sources */ = {isa = PBXBuildFile; fileRef = EA2898AD1CD4AD1F0025F43B /* UserSelectionCell.swift */; };
		EA2898B01CD4C3ED0025F43B /* STMConversation.swift in Sources */ = {isa = PBXBuildFile; fileRef = EA2898AF1CD4C3ED0025F43B /* STMConversation.swift */; };
		EA2898B21CD4C5D80025F43B /* STMMessage.swift in Sources */ = {isa = PBXBuildFile; fileRef = EA2898B11CD4C5D80025F43B /* STMMessage.swift */; };
		EA2898B41CD4D1060025F43B /* ConversationViewController.swift in Sources */ = {isa = PBXBuildFile; fileRef = EA2898B31CD4D1060025F43B /* ConversationViewController.swift */; };
		EA2898B71CD4D7430025F43B /* STMMessageOtherCell.swift in Sources */ = {isa = PBXBuildFile; fileRef = EA2898B51CD4D7430025F43B /* STMMessageOtherCell.swift */; };
		EA2898B81CD4D7430025F43B /* STMMessageYouCell.swift in Sources */ = {isa = PBXBuildFile; fileRef = EA2898B61CD4D7430025F43B /* STMMessageYouCell.swift */; };
		EA2898BA1CD4DD8F0025F43B /* ConvoCell.swift in Sources */ = {isa = PBXBuildFile; fileRef = EA2898B91CD4DD8F0025F43B /* ConvoCell.swift */; };
		EA2898BE1CD535CD0025F43B /* TextField.swift in Sources */ = {isa = PBXBuildFile; fileRef = EA2898BD1CD535CC0025F43B /* TextField.swift */; };
		EA2898C01CD5AF150025F43B /* StreamStatusView.swift in Sources */ = {isa = PBXBuildFile; fileRef = EA2898BF1CD5AF150025F43B /* StreamStatusView.swift */; };
		EA2898C21CD5CB390025F43B /* STMStreamMeta.swift in Sources */ = {isa = PBXBuildFile; fileRef = EA2898C11CD5CB390025F43B /* STMStreamMeta.swift */; };
		EA2898C41CD5F13A0025F43B /* SettingsUserCell.swift in Sources */ = {isa = PBXBuildFile; fileRef = EA2898C31CD5F1390025F43B /* SettingsUserCell.swift */; };
		EA2898C61CD5FF190025F43B /* SettingsNameCell.swift in Sources */ = {isa = PBXBuildFile; fileRef = EA2898C51CD5FF190025F43B /* SettingsNameCell.swift */; };
		EA3EF7D41CCEEE60009E4524 /* SearchViewController.swift in Sources */ = {isa = PBXBuildFile; fileRef = EA3EF7D31CCEEE60009E4524 /* SearchViewController.swift */; };
		EA3EF7D61CCF014C009E4524 /* SearchUserCell.swift in Sources */ = {isa = PBXBuildFile; fileRef = EA3EF7D51CCF014C009E4524 /* SearchUserCell.swift */; };
		EA3EF7D81CCF028F009E4524 /* SearchStreamCell.swift in Sources */ = {isa = PBXBuildFile; fileRef = EA3EF7D71CCF028F009E4524 /* SearchStreamCell.swift */; };
		EA481DE81C630EED008E3E6E /* SelectSongCell.swift in Sources */ = {isa = PBXBuildFile; fileRef = EA481DE71C630EED008E3E6E /* SelectSongCell.swift */; };
		EA4E49481C613F7C00CB40D7 /* HostStreamCell.swift in Sources */ = {isa = PBXBuildFile; fileRef = EA4E49471C613F7C00CB40D7 /* HostStreamCell.swift */; };
		EA4E494B1C61416400CB40D7 /* Label.swift in Sources */ = {isa = PBXBuildFile; fileRef = EA4E494A1C61416400CB40D7 /* Label.swift */; };
		EA4E494D1C617FA000CB40D7 /* GradientView.swift in Sources */ = {isa = PBXBuildFile; fileRef = EA4E494C1C617FA000CB40D7 /* GradientView.swift */; };
		EA4F495B1C5EBFA000103559 /* YBNBandEQNode.m in Sources */ = {isa = PBXBuildFile; fileRef = EA4F493A1C5EBFA000103559 /* YBNBandEQNode.m */; };
		EA4F495C1C5EBFA000103559 /* YBFormatConverter.m in Sources */ = {isa = PBXBuildFile; fileRef = EA4F493C1C5EBFA000103559 /* YBFormatConverter.m */; };
		EA4F495D1C5EBFA000103559 /* YBPresetEQNode.m in Sources */ = {isa = PBXBuildFile; fileRef = EA4F493E1C5EBFA000103559 /* YBPresetEQNode.m */; };
		EA4F495E1C5EBFA000103559 /* YBAudioComponent.m in Sources */ = {isa = PBXBuildFile; fileRef = EA4F49401C5EBFA000103559 /* YBAudioComponent.m */; };
		EA4F495F1C5EBFA000103559 /* YBAudioException.m in Sources */ = {isa = PBXBuildFile; fileRef = EA4F49421C5EBFA000103559 /* YBAudioException.m */; };
		EA4F49601C5EBFA000103559 /* YBAudioFilePlayer.m in Sources */ = {isa = PBXBuildFile; fileRef = EA4F49441C5EBFA000103559 /* YBAudioFilePlayer.m */; };
		EA4F49611C5EBFA000103559 /* YBAudioUnitGraph.m in Sources */ = {isa = PBXBuildFile; fileRef = EA4F49471C5EBFA000103559 /* YBAudioUnitGraph.m */; };
		EA4F49621C5EBFA000103559 /* YBAudioUnitNode.m in Sources */ = {isa = PBXBuildFile; fileRef = EA4F49491C5EBFA000103559 /* YBAudioUnitNode.m */; };
		EA4F49631C5EBFA000103559 /* YBAudioUtils.m in Sources */ = {isa = PBXBuildFile; fileRef = EA4F494B1C5EBFA000103559 /* YBAudioUtils.m */; };
		EA4F49641C5EBFA000103559 /* YBDistortionFilter.m in Sources */ = {isa = PBXBuildFile; fileRef = EA4F494D1C5EBFA000103559 /* YBDistortionFilter.m */; };
		EA4F49651C5EBFA000103559 /* YBMultiChannelMixer.m in Sources */ = {isa = PBXBuildFile; fileRef = EA4F494F1C5EBFA000103559 /* YBMultiChannelMixer.m */; };
		EA4F49661C5EBFA000103559 /* YBScheduledSoundPlayer.m in Sources */ = {isa = PBXBuildFile; fileRef = EA4F49521C5EBFA000103559 /* YBScheduledSoundPlayer.m */; };
		EA4F49671C5EBFA000103559 /* YBTremoloFilter.m in Sources */ = {isa = PBXBuildFile; fileRef = EA4F49541C5EBFA000103559 /* YBTremoloFilter.m */; };
		EA4F49681C5EBFA000103559 /* YBVarispeedConverter.m in Sources */ = {isa = PBXBuildFile; fileRef = EA4F49561C5EBFA000103559 /* YBVarispeedConverter.m */; };
		EA4F49691C5EBFA000103559 /* YBNewTimePitch.m in Sources */ = {isa = PBXBuildFile; fileRef = EA4F49581C5EBFA000103559 /* YBNewTimePitch.m */; };
		EA4F496A1C5EBFA000103559 /* YBReverb.m in Sources */ = {isa = PBXBuildFile; fileRef = EA4F495A1C5EBFA000103559 /* YBReverb.m */; };
		EA4F49701C5EC04C00103559 /* KZConverter.m in Sources */ = {isa = PBXBuildFile; fileRef = EA4F496C1C5EC04C00103559 /* KZConverter.m */; };
		EA4F49841C5EC05700103559 /* KZPlayerInner.m in Sources */ = {isa = PBXBuildFile; fileRef = EA4F49721C5EC05700103559 /* KZPlayerInner.m */; };
		EA4F49851C5EC05700103559 /* EZAudio.m in Sources */ = {isa = PBXBuildFile; fileRef = EA4F49741C5EC05700103559 /* EZAudio.m */; };
		EA4F49871C5EC05700103559 /* EZAudioFile.m in Sources */ = {isa = PBXBuildFile; fileRef = EA4F49771C5EC05700103559 /* EZAudioFile.m */; };
		EA4F498F1C5F2D3800103559 /* EZOutput.m in Sources */ = {isa = PBXBuildFile; fileRef = EA4F498E1C5F2D3800103559 /* EZOutput.m */; };
		EA54E5C21CC5D8210033135B /* UIToolbarStyles.swift in Sources */ = {isa = PBXBuildFile; fileRef = EA54E5C11CC5D8210033135B /* UIToolbarStyles.swift */; };
		EA6F5B811CD1392A00C9638D /* ProfileViewController.swift in Sources */ = {isa = PBXBuildFile; fileRef = EA6F5B801CD1392A00C9638D /* ProfileViewController.swift */; };
		EA6F5B831CD1466900C9638D /* ProfileStatView.swift in Sources */ = {isa = PBXBuildFile; fileRef = EA6F5B821CD1466900C9638D /* ProfileStatView.swift */; };
		EA6F5B871CD1A90000C9638D /* ProfileSettingsViewController.swift in Sources */ = {isa = PBXBuildFile; fileRef = EA6F5B861CD1A90000C9638D /* ProfileSettingsViewController.swift */; };
		EA6F5B891CD1A99D00C9638D /* SettingsProfilePictureCell.swift in Sources */ = {isa = PBXBuildFile; fileRef = EA6F5B881CD1A99D00C9638D /* SettingsProfilePictureCell.swift */; };
		EA6F5B8B1CD1B1E400C9638D /* STMSetting.swift in Sources */ = {isa = PBXBuildFile; fileRef = EA6F5B8A1CD1B1E400C9638D /* STMSetting.swift */; };
		EA6F5B8D1CD224A400C9638D /* UserCommentCell.swift in Sources */ = {isa = PBXBuildFile; fileRef = EA6F5B8C1CD224A400C9638D /* UserCommentCell.swift */; };
		EA79C7A41CDBCC3700A5CA94 /* ProfileStatsListViewController.swift in Sources */ = {isa = PBXBuildFile; fileRef = EA79C7A31CDBCC3700A5CA94 /* ProfileStatsListViewController.swift */; };
		EA79C7A61CDBEF2B00A5CA94 /* GradientSlider.swift in Sources */ = {isa = PBXBuildFile; fileRef = EA79C7A51CDBEF2B00A5CA94 /* GradientSlider.swift */; };
		EA79C7A81CDD423E00A5CA94 /* FinishTwitterAccountViewController.swift in Sources */ = {isa = PBXBuildFile; fileRef = EA79C7A71CDD423E00A5CA94 /* FinishTwitterAccountViewController.swift */; };
		EA86DD001CCC281600064040 /* TimelineItemCell.swift in Sources */ = {isa = PBXBuildFile; fileRef = EA86DCFF1CCC281600064040 /* TimelineItemCell.swift */; };
		EA86DD021CCC291D00064040 /* STMTimelineItem.swift in Sources */ = {isa = PBXBuildFile; fileRef = EA86DD011CCC291D00064040 /* STMTimelineItem.swift */; };
		EA8D3DE11C7D75C3003ACCFC /* MessageToolbarView.swift in Sources */ = {isa = PBXBuildFile; fileRef = EA8D3DE01C7D75C3003ACCFC /* MessageToolbarView.swift */; };
		EA9216B11C856DBB00EA499B /* TriangleView.swift in Sources */ = {isa = PBXBuildFile; fileRef = EA9216B01C856DBB00EA499B /* TriangleView.swift */; };
		EA9216B31C857A4F00EA499B /* DashboardStreamInfo.swift in Sources */ = {isa = PBXBuildFile; fileRef = EA9216B21C857A4F00EA499B /* DashboardStreamInfo.swift */; };
		EAB0E6981C780866008945FF /* YBDelay.m in Sources */ = {isa = PBXBuildFile; fileRef = EAB0E6971C780866008945FF /* YBDelay.m */; };
		EAB0E69E1C7813B5008945FF /* FUXCombinators.swift in Sources */ = {isa = PBXBuildFile; fileRef = EAB0E69A1C7813B5008945FF /* FUXCombinators.swift */; };
		EAB0E69F1C7813B5008945FF /* FUXData.swift in Sources */ = {isa = PBXBuildFile; fileRef = EAB0E69B1C7813B5008945FF /* FUXData.swift */; };
		EAB0E6A01C7813B5008945FF /* FUXEasingCombinators.swift in Sources */ = {isa = PBXBuildFile; fileRef = EAB0E69C1C7813B5008945FF /* FUXEasingCombinators.swift */; };
		EAB0E6A11C7813B5008945FF /* FUXEngine.swift in Sources */ = {isa = PBXBuildFile; fileRef = EAB0E69D1C7813B5008945FF /* FUXEngine.swift */; };
		EAB0E6A31C78146C008945FF /* LICENSE in Resources */ = {isa = PBXBuildFile; fileRef = EAB0E6A21C78146C008945FF /* LICENSE */; };
		EAB0E6A71C78EEB0008945FF /* UILabelStyles.swift in Sources */ = {isa = PBXBuildFile; fileRef = EAB0E6A61C78EEB0008945FF /* UILabelStyles.swift */; };
		EAB0E6A91C78F8E9008945FF /* SettingJoinedView.swift in Sources */ = {isa = PBXBuildFile; fileRef = EAB0E6A81C78F8E9008945FF /* SettingJoinedView.swift */; };
		EAB0E6AC1C7966E5008945FF /* AudioToolbox.framework in Frameworks */ = {isa = PBXBuildFile; fileRef = EAB0E6AB1C7966E5008945FF /* AudioToolbox.framework */; };
		EAB39D411C7B149600D8C70F /* Localizable.strings in Resources */ = {isa = PBXBuildFile; fileRef = EAB39D401C7B149600D8C70F /* Localizable.strings */; };
		EACD2B401C75996600A6CFD6 /* HostInfoHolderView.swift in Sources */ = {isa = PBXBuildFile; fileRef = EACD2B3F1C75996600A6CFD6 /* HostInfoHolderView.swift */; };
		EAE063101C7E7A0900C86823 /* STMComment.swift in Sources */ = {isa = PBXBuildFile; fileRef = EAE0630F1C7E7A0900C86823 /* STMComment.swift */; };
		EAE063121C7E94D000C86823 /* CommentCell.swift in Sources */ = {isa = PBXBuildFile; fileRef = EAE063111C7E94D000C86823 /* CommentCell.swift */; };
		EAE545041C76978F00180241 /* MeterTable.m in Sources */ = {isa = PBXBuildFile; fileRef = EAE545021C76978F00180241 /* MeterTable.m */; };
		EAE545061C76BA9200180241 /* STMVisualizer.swift in Sources */ = {isa = PBXBuildFile; fileRef = EAE545051C76BA9200180241 /* STMVisualizer.swift */; };
		EAFFCB121C876F5800258C16 /* PlayerViewController.swift in Sources */ = {isa = PBXBuildFile; fileRef = EAFFCB111C876F5800258C16 /* PlayerViewController.swift */; };
		EAFFCB151C87E59300258C16 /* ObjectiveCProcessing.m in Sources */ = {isa = PBXBuildFile; fileRef = EAFFCB141C87E59300258C16 /* ObjectiveCProcessing.m */; };
		EAFFCB171C8A1B1C00258C16 /* PlayerInfoHolderView.swift in Sources */ = {isa = PBXBuildFile; fileRef = EAFFCB161C8A1B1B00258C16 /* PlayerInfoHolderView.swift */; };
		F5F52A645490AA4686CE08FD /* Pods_STM.framework in Frameworks */ = {isa = PBXBuildFile; fileRef = 899F5F08440FB63B4BC74A8F /* Pods_STM.framework */; };
/* End PBXBuildFile section */

/* Begin PBXContainerItemProxy section */
		29DA0B281CFA031600E30ADE /* PBXContainerItemProxy */ = {
			isa = PBXContainerItemProxy;
			containerPortal = EA09CAA11C5C41510067FF6A /* Project object */;
			proxyType = 1;
			remoteGlobalIDString = EA09CAA81C5C41510067FF6A;
			remoteInfo = STM;
		};
/* End PBXContainerItemProxy section */

/* Begin PBXFileReference section */
		290F8C4A1DA8A350007237AE /* TabBarController.swift */ = {isa = PBXFileReference; fileEncoding = 4; lastKnownFileType = sourcecode.swift; path = TabBarController.swift; sourceTree = "<group>"; };
		290F8C4C1DA8A728007237AE /* UIVisualViewEffect.swift */ = {isa = PBXFileReference; fileEncoding = 4; lastKnownFileType = sourcecode.swift; path = UIVisualViewEffect.swift; sourceTree = "<group>"; };
		290F8C4E1DA9318A007237AE /* FeaturedStreamCell.swift */ = {isa = PBXFileReference; fileEncoding = 4; lastKnownFileType = sourcecode.swift; path = FeaturedStreamCell.swift; sourceTree = "<group>"; };
		29DA0B231CFA031600E30ADE /* STMTests.xctest */ = {isa = PBXFileReference; explicitFileType = wrapper.cfbundle; includeInIndex = 0; path = STMTests.xctest; sourceTree = BUILT_PRODUCTS_DIR; };
		29DA0B251CFA031600E30ADE /* STMTests.swift */ = {isa = PBXFileReference; lastKnownFileType = sourcecode.swift; path = STMTests.swift; sourceTree = "<group>"; };
		29DA0B271CFA031600E30ADE /* Info.plist */ = {isa = PBXFileReference; lastKnownFileType = text.plist.xml; path = Info.plist; sourceTree = "<group>"; };
		29E6E3221DA1364700E2D2CD /* WalkthroughViewController.swift */ = {isa = PBXFileReference; fileEncoding = 4; lastKnownFileType = sourcecode.swift; path = WalkthroughViewController.swift; sourceTree = "<group>"; };
		3B4177B55191B175F8A0C4B8 /* Pods.framework */ = {isa = PBXFileReference; explicitFileType = wrapper.framework; includeInIndex = 0; path = Pods.framework; sourceTree = BUILT_PRODUCTS_DIR; };
		899F5F08440FB63B4BC74A8F /* Pods_STM.framework */ = {isa = PBXFileReference; explicitFileType = wrapper.framework; includeInIndex = 0; path = Pods_STM.framework; sourceTree = BUILT_PRODUCTS_DIR; };
		ACB77300A114E3FC1AE33834 /* Pods-STM.release.xcconfig */ = {isa = PBXFileReference; includeInIndex = 1; lastKnownFileType = text.xcconfig; name = "Pods-STM.release.xcconfig"; path = "Pods/Target Support Files/Pods-STM/Pods-STM.release.xcconfig"; sourceTree = "<group>"; };
		E089FBE7B08BC56B57936FF1 /* Pods-STM.debug.xcconfig */ = {isa = PBXFileReference; includeInIndex = 1; lastKnownFileType = text.xcconfig; name = "Pods-STM.debug.xcconfig"; path = "Pods/Target Support Files/Pods-STM/Pods-STM.debug.xcconfig"; sourceTree = "<group>"; };
		EA01AF891C5CB3C500F56792 /* SignInViewController.swift */ = {isa = PBXFileReference; fileEncoding = 4; lastKnownFileType = sourcecode.swift; path = SignInViewController.swift; sourceTree = "<group>"; };
		EA01AF901C5CB8DC00F56792 /* DashboardViewController.swift */ = {isa = PBXFileReference; fileEncoding = 4; lastKnownFileType = sourcecode.swift; path = DashboardViewController.swift; sourceTree = "<group>"; };
		EA01AF921C5CBCA600F56792 /* STMUser.swift */ = {isa = PBXFileReference; fileEncoding = 4; lastKnownFileType = sourcecode.swift; path = STMUser.swift; sourceTree = "<group>"; };
		EA01AF951C5CC48700F56792 /* CreateStreamViewController.swift */ = {isa = PBXFileReference; fileEncoding = 4; lastKnownFileType = sourcecode.swift; path = CreateStreamViewController.swift; sourceTree = "<group>"; };
		EA01AF971C5CD67E00F56792 /* HostViewController.swift */ = {isa = PBXFileReference; fileEncoding = 4; lastKnownFileType = sourcecode.swift; path = HostViewController.swift; sourceTree = "<group>"; };
		EA09CAA91C5C41510067FF6A /* STM.app */ = {isa = PBXFileReference; explicitFileType = wrapper.application; includeInIndex = 0; path = STM.app; sourceTree = BUILT_PRODUCTS_DIR; };
		EA09CAAC1C5C41510067FF6A /* AppDelegate.swift */ = {isa = PBXFileReference; lastKnownFileType = sourcecode.swift; path = AppDelegate.swift; sourceTree = "<group>"; };
		EA09CAB31C5C41510067FF6A /* Assets.xcassets */ = {isa = PBXFileReference; lastKnownFileType = folder.assetcatalog; path = Assets.xcassets; sourceTree = "<group>"; };
		EA09CAB81C5C41510067FF6A /* Info.plist */ = {isa = PBXFileReference; lastKnownFileType = text.plist.xml; path = Info.plist; sourceTree = "<group>"; };
		EA09CAC21C5C5C680067FF6A /* STM-Bridging-Header.h */ = {isa = PBXFileReference; fileEncoding = 4; lastKnownFileType = sourcecode.c.h; path = "STM-Bridging-Header.h"; sourceTree = "<group>"; };
		EA09CAC31C5C5CD30067FF6A /* InitialViewController.swift */ = {isa = PBXFileReference; fileEncoding = 4; lastKnownFileType = sourcecode.swift; path = InitialViewController.swift; sourceTree = "<group>"; };
		EA09CAC51C5C5D040067FF6A /* Window.swift */ = {isa = PBXFileReference; fileEncoding = 4; lastKnownFileType = sourcecode.swift; path = Window.swift; sourceTree = "<group>"; };
		EA09CAC71C5C5D170067FF6A /* Constants.swift */ = {isa = PBXFileReference; fileEncoding = 4; lastKnownFileType = sourcecode.swift; path = Constants.swift; sourceTree = "<group>"; };
		EA09CACA1C5C63A20067FF6A /* LaunchScreen.storyboard */ = {isa = PBXFileReference; fileEncoding = 4; lastKnownFileType = file.storyboard; path = LaunchScreen.storyboard; sourceTree = "<group>"; };
		EA09CACF1C5C84B00067FF6A /* UIButtonStyles.swift */ = {isa = PBXFileReference; fileEncoding = 4; lastKnownFileType = sourcecode.swift; path = UIButtonStyles.swift; sourceTree = "<group>"; };
		EA09CAD11C5C85AF0067FF6A /* CreateAccountViewController.swift */ = {isa = PBXFileReference; fileEncoding = 4; lastKnownFileType = sourcecode.swift; path = CreateAccountViewController.swift; sourceTree = "<group>"; };
		EA09CAD31C5C86430067FF6A /* UITextFieldStyles.swift */ = {isa = PBXFileReference; fileEncoding = 4; lastKnownFileType = sourcecode.swift; path = UITextFieldStyles.swift; sourceTree = "<group>"; };
		EA09CAD61C5C89A50067FF6A /* NavigationController.swift */ = {isa = PBXFileReference; fileEncoding = 4; lastKnownFileType = sourcecode.swift; path = NavigationController.swift; sourceTree = "<group>"; };
		EA209DA91C8292A800A22BC4 /* DashboardItemCell.swift */ = {isa = PBXFileReference; fileEncoding = 4; lastKnownFileType = sourcecode.swift; path = DashboardItemCell.swift; sourceTree = "<group>"; };
		EA209DAC1C829B8500A22BC4 /* DashboardItemCollectionCell.swift */ = {isa = PBXFileReference; fileEncoding = 4; lastKnownFileType = sourcecode.swift; path = DashboardItemCollectionCell.swift; sourceTree = "<group>"; };
		EA209DAE1C82BAB700A22BC4 /* STMDashboardItem.swift */ = {isa = PBXFileReference; fileEncoding = 4; lastKnownFileType = sourcecode.swift; path = STMDashboardItem.swift; sourceTree = "<group>"; };
		EA24C0621C683F8300FE4DD0 /* MCSwipeCell.swift */ = {isa = PBXFileReference; fileEncoding = 4; lastKnownFileType = sourcecode.swift; path = MCSwipeCell.swift; sourceTree = "<group>"; };
		EA24C0641C68418600FE4DD0 /* UpNextSongCell.swift */ = {isa = PBXFileReference; fileEncoding = 4; lastKnownFileType = sourcecode.swift; path = UpNextSongCell.swift; sourceTree = "<group>"; };
		EA27B1FB1C5D2D05006F269D /* STMStream.swift */ = {isa = PBXFileReference; fileEncoding = 4; lastKnownFileType = sourcecode.swift; path = STMStream.swift; sourceTree = "<group>"; };
		EA27B1FF1C5D3312006F269D /* KZPlayerItem.swift */ = {isa = PBXFileReference; fileEncoding = 4; lastKnownFileType = sourcecode.swift; path = KZPlayerItem.swift; sourceTree = "<group>"; };
		EA2898A11CD328520025F43B /* CellButton.swift */ = {isa = PBXFileReference; fileEncoding = 4; lastKnownFileType = sourcecode.swift; path = CellButton.swift; sourceTree = "<group>"; };
		EA2898A41CD3E9080025F43B /* CommentViewController.swift */ = {isa = PBXFileReference; fileEncoding = 4; lastKnownFileType = sourcecode.swift; path = CommentViewController.swift; sourceTree = "<group>"; };
		EA2898A61CD3ED1B0025F43B /* ExtendedUserCommentCell.swift */ = {isa = PBXFileReference; fileEncoding = 4; lastKnownFileType = sourcecode.swift; path = ExtendedUserCommentCell.swift; sourceTree = "<group>"; };
		EA2898A91CD461410025F43B /* MessagesViewController.swift */ = {isa = PBXFileReference; fileEncoding = 4; lastKnownFileType = sourcecode.swift; path = MessagesViewController.swift; sourceTree = "<group>"; };
		EA2898AB1CD4A7260025F43B /* NewMessageViewController.swift */ = {isa = PBXFileReference; fileEncoding = 4; lastKnownFileType = sourcecode.swift; path = NewMessageViewController.swift; sourceTree = "<group>"; };
		EA2898AD1CD4AD1F0025F43B /* UserSelectionCell.swift */ = {isa = PBXFileReference; fileEncoding = 4; lastKnownFileType = sourcecode.swift; path = UserSelectionCell.swift; sourceTree = "<group>"; };
		EA2898AF1CD4C3ED0025F43B /* STMConversation.swift */ = {isa = PBXFileReference; fileEncoding = 4; lastKnownFileType = sourcecode.swift; path = STMConversation.swift; sourceTree = "<group>"; };
		EA2898B11CD4C5D80025F43B /* STMMessage.swift */ = {isa = PBXFileReference; fileEncoding = 4; lastKnownFileType = sourcecode.swift; path = STMMessage.swift; sourceTree = "<group>"; };
		EA2898B31CD4D1060025F43B /* ConversationViewController.swift */ = {isa = PBXFileReference; fileEncoding = 4; lastKnownFileType = sourcecode.swift; path = ConversationViewController.swift; sourceTree = "<group>"; };
		EA2898B51CD4D7430025F43B /* STMMessageOtherCell.swift */ = {isa = PBXFileReference; fileEncoding = 4; lastKnownFileType = sourcecode.swift; path = STMMessageOtherCell.swift; sourceTree = "<group>"; };
		EA2898B61CD4D7430025F43B /* STMMessageYouCell.swift */ = {isa = PBXFileReference; fileEncoding = 4; lastKnownFileType = sourcecode.swift; path = STMMessageYouCell.swift; sourceTree = "<group>"; };
		EA2898B91CD4DD8F0025F43B /* ConvoCell.swift */ = {isa = PBXFileReference; fileEncoding = 4; lastKnownFileType = sourcecode.swift; path = ConvoCell.swift; sourceTree = "<group>"; };
		EA2898BD1CD535CC0025F43B /* TextField.swift */ = {isa = PBXFileReference; fileEncoding = 4; lastKnownFileType = sourcecode.swift; path = TextField.swift; sourceTree = "<group>"; };
		EA2898BF1CD5AF150025F43B /* StreamStatusView.swift */ = {isa = PBXFileReference; fileEncoding = 4; lastKnownFileType = sourcecode.swift; path = StreamStatusView.swift; sourceTree = "<group>"; };
		EA2898C11CD5CB390025F43B /* STMStreamMeta.swift */ = {isa = PBXFileReference; fileEncoding = 4; lastKnownFileType = sourcecode.swift; path = STMStreamMeta.swift; sourceTree = "<group>"; };
		EA2898C31CD5F1390025F43B /* SettingsUserCell.swift */ = {isa = PBXFileReference; fileEncoding = 4; lastKnownFileType = sourcecode.swift; path = SettingsUserCell.swift; sourceTree = "<group>"; };
		EA2898C51CD5FF190025F43B /* SettingsNameCell.swift */ = {isa = PBXFileReference; fileEncoding = 4; lastKnownFileType = sourcecode.swift; path = SettingsNameCell.swift; sourceTree = "<group>"; };
		EA3EF7D31CCEEE60009E4524 /* SearchViewController.swift */ = {isa = PBXFileReference; fileEncoding = 4; lastKnownFileType = sourcecode.swift; path = SearchViewController.swift; sourceTree = "<group>"; };
		EA3EF7D51CCF014C009E4524 /* SearchUserCell.swift */ = {isa = PBXFileReference; fileEncoding = 4; lastKnownFileType = sourcecode.swift; path = SearchUserCell.swift; sourceTree = "<group>"; };
		EA3EF7D71CCF028F009E4524 /* SearchStreamCell.swift */ = {isa = PBXFileReference; fileEncoding = 4; lastKnownFileType = sourcecode.swift; path = SearchStreamCell.swift; sourceTree = "<group>"; };
		EA481DE71C630EED008E3E6E /* SelectSongCell.swift */ = {isa = PBXFileReference; fileEncoding = 4; lastKnownFileType = sourcecode.swift; path = SelectSongCell.swift; sourceTree = "<group>"; };
		EA4E49471C613F7C00CB40D7 /* HostStreamCell.swift */ = {isa = PBXFileReference; fileEncoding = 4; lastKnownFileType = sourcecode.swift; path = HostStreamCell.swift; sourceTree = "<group>"; };
		EA4E494A1C61416400CB40D7 /* Label.swift */ = {isa = PBXFileReference; fileEncoding = 4; lastKnownFileType = sourcecode.swift; path = Label.swift; sourceTree = "<group>"; };
		EA4E494C1C617FA000CB40D7 /* GradientView.swift */ = {isa = PBXFileReference; fileEncoding = 4; lastKnownFileType = sourcecode.swift; path = GradientView.swift; sourceTree = "<group>"; };
		EA4F49391C5EBFA000103559 /* YBNBandEQNode.h */ = {isa = PBXFileReference; fileEncoding = 4; lastKnownFileType = sourcecode.c.h; path = YBNBandEQNode.h; sourceTree = "<group>"; };
		EA4F493A1C5EBFA000103559 /* YBNBandEQNode.m */ = {isa = PBXFileReference; fileEncoding = 4; lastKnownFileType = sourcecode.c.objc; path = YBNBandEQNode.m; sourceTree = "<group>"; };
		EA4F493B1C5EBFA000103559 /* YBFormatConverter.h */ = {isa = PBXFileReference; fileEncoding = 4; lastKnownFileType = sourcecode.c.h; path = YBFormatConverter.h; sourceTree = "<group>"; };
		EA4F493C1C5EBFA000103559 /* YBFormatConverter.m */ = {isa = PBXFileReference; fileEncoding = 4; lastKnownFileType = sourcecode.c.objc; path = YBFormatConverter.m; sourceTree = "<group>"; };
		EA4F493D1C5EBFA000103559 /* YBPresetEQNode.h */ = {isa = PBXFileReference; fileEncoding = 4; lastKnownFileType = sourcecode.c.h; path = YBPresetEQNode.h; sourceTree = "<group>"; };
		EA4F493E1C5EBFA000103559 /* YBPresetEQNode.m */ = {isa = PBXFileReference; fileEncoding = 4; lastKnownFileType = sourcecode.c.objc; path = YBPresetEQNode.m; sourceTree = "<group>"; };
		EA4F493F1C5EBFA000103559 /* YBAudioComponent.h */ = {isa = PBXFileReference; fileEncoding = 4; lastKnownFileType = sourcecode.c.h; path = YBAudioComponent.h; sourceTree = "<group>"; };
		EA4F49401C5EBFA000103559 /* YBAudioComponent.m */ = {isa = PBXFileReference; fileEncoding = 4; lastKnownFileType = sourcecode.c.objc; path = YBAudioComponent.m; sourceTree = "<group>"; };
		EA4F49411C5EBFA000103559 /* YBAudioException.h */ = {isa = PBXFileReference; fileEncoding = 4; lastKnownFileType = sourcecode.c.h; path = YBAudioException.h; sourceTree = "<group>"; };
		EA4F49421C5EBFA000103559 /* YBAudioException.m */ = {isa = PBXFileReference; fileEncoding = 4; lastKnownFileType = sourcecode.c.objc; path = YBAudioException.m; sourceTree = "<group>"; };
		EA4F49431C5EBFA000103559 /* YBAudioFilePlayer.h */ = {isa = PBXFileReference; fileEncoding = 4; lastKnownFileType = sourcecode.c.h; path = YBAudioFilePlayer.h; sourceTree = "<group>"; };
		EA4F49441C5EBFA000103559 /* YBAudioFilePlayer.m */ = {isa = PBXFileReference; fileEncoding = 4; lastKnownFileType = sourcecode.c.objc; path = YBAudioFilePlayer.m; sourceTree = "<group>"; };
		EA4F49451C5EBFA000103559 /* YBAudioUnit.h */ = {isa = PBXFileReference; fileEncoding = 4; lastKnownFileType = sourcecode.c.h; path = YBAudioUnit.h; sourceTree = "<group>"; };
		EA4F49461C5EBFA000103559 /* YBAudioUnitGraph.h */ = {isa = PBXFileReference; fileEncoding = 4; lastKnownFileType = sourcecode.c.h; path = YBAudioUnitGraph.h; sourceTree = "<group>"; };
		EA4F49471C5EBFA000103559 /* YBAudioUnitGraph.m */ = {isa = PBXFileReference; fileEncoding = 4; lastKnownFileType = sourcecode.c.objc; path = YBAudioUnitGraph.m; sourceTree = "<group>"; };
		EA4F49481C5EBFA000103559 /* YBAudioUnitNode.h */ = {isa = PBXFileReference; fileEncoding = 4; lastKnownFileType = sourcecode.c.h; path = YBAudioUnitNode.h; sourceTree = "<group>"; };
		EA4F49491C5EBFA000103559 /* YBAudioUnitNode.m */ = {isa = PBXFileReference; fileEncoding = 4; lastKnownFileType = sourcecode.c.objc; path = YBAudioUnitNode.m; sourceTree = "<group>"; };
		EA4F494A1C5EBFA000103559 /* YBAudioUtils.h */ = {isa = PBXFileReference; fileEncoding = 4; lastKnownFileType = sourcecode.c.h; path = YBAudioUtils.h; sourceTree = "<group>"; };
		EA4F494B1C5EBFA000103559 /* YBAudioUtils.m */ = {isa = PBXFileReference; fileEncoding = 4; lastKnownFileType = sourcecode.c.objc; path = YBAudioUtils.m; sourceTree = "<group>"; };
		EA4F494C1C5EBFA000103559 /* YBDistortionFilter.h */ = {isa = PBXFileReference; fileEncoding = 4; lastKnownFileType = sourcecode.c.h; path = YBDistortionFilter.h; sourceTree = "<group>"; };
		EA4F494D1C5EBFA000103559 /* YBDistortionFilter.m */ = {isa = PBXFileReference; fileEncoding = 4; lastKnownFileType = sourcecode.c.objc; path = YBDistortionFilter.m; sourceTree = "<group>"; };
		EA4F494E1C5EBFA000103559 /* YBMultiChannelMixer.h */ = {isa = PBXFileReference; fileEncoding = 4; lastKnownFileType = sourcecode.c.h; path = YBMultiChannelMixer.h; sourceTree = "<group>"; };
		EA4F494F1C5EBFA000103559 /* YBMultiChannelMixer.m */ = {isa = PBXFileReference; fileEncoding = 4; lastKnownFileType = sourcecode.c.objc; path = YBMultiChannelMixer.m; sourceTree = "<group>"; };
		EA4F49501C5EBFA000103559 /* YBAudioUnitFiles-Prefix.pch */ = {isa = PBXFileReference; fileEncoding = 4; lastKnownFileType = sourcecode.c.h; path = "YBAudioUnitFiles-Prefix.pch"; sourceTree = "<group>"; };
		EA4F49511C5EBFA000103559 /* YBScheduledSoundPlayer.h */ = {isa = PBXFileReference; fileEncoding = 4; lastKnownFileType = sourcecode.c.h; path = YBScheduledSoundPlayer.h; sourceTree = "<group>"; };
		EA4F49521C5EBFA000103559 /* YBScheduledSoundPlayer.m */ = {isa = PBXFileReference; fileEncoding = 4; lastKnownFileType = sourcecode.c.objc; path = YBScheduledSoundPlayer.m; sourceTree = "<group>"; };
		EA4F49531C5EBFA000103559 /* YBTremoloFilter.h */ = {isa = PBXFileReference; fileEncoding = 4; lastKnownFileType = sourcecode.c.h; path = YBTremoloFilter.h; sourceTree = "<group>"; };
		EA4F49541C5EBFA000103559 /* YBTremoloFilter.m */ = {isa = PBXFileReference; fileEncoding = 4; lastKnownFileType = sourcecode.c.objc; path = YBTremoloFilter.m; sourceTree = "<group>"; };
		EA4F49551C5EBFA000103559 /* YBVarispeedConverter.h */ = {isa = PBXFileReference; fileEncoding = 4; lastKnownFileType = sourcecode.c.h; path = YBVarispeedConverter.h; sourceTree = "<group>"; };
		EA4F49561C5EBFA000103559 /* YBVarispeedConverter.m */ = {isa = PBXFileReference; fileEncoding = 4; lastKnownFileType = sourcecode.c.objc; path = YBVarispeedConverter.m; sourceTree = "<group>"; };
		EA4F49571C5EBFA000103559 /* YBNewTimePitch.h */ = {isa = PBXFileReference; fileEncoding = 4; lastKnownFileType = sourcecode.c.h; path = YBNewTimePitch.h; sourceTree = "<group>"; };
		EA4F49581C5EBFA000103559 /* YBNewTimePitch.m */ = {isa = PBXFileReference; fileEncoding = 4; lastKnownFileType = sourcecode.c.objc; path = YBNewTimePitch.m; sourceTree = "<group>"; };
		EA4F49591C5EBFA000103559 /* YBReverb.h */ = {isa = PBXFileReference; fileEncoding = 4; lastKnownFileType = sourcecode.c.h; path = YBReverb.h; sourceTree = "<group>"; };
		EA4F495A1C5EBFA000103559 /* YBReverb.m */ = {isa = PBXFileReference; fileEncoding = 4; lastKnownFileType = sourcecode.c.objc; path = YBReverb.m; sourceTree = "<group>"; };
		EA4F496C1C5EC04C00103559 /* KZConverter.m */ = {isa = PBXFileReference; fileEncoding = 4; lastKnownFileType = sourcecode.c.objc; path = KZConverter.m; sourceTree = "<group>"; };
		EA4F496D1C5EC04C00103559 /* KZConverter.h */ = {isa = PBXFileReference; fileEncoding = 4; lastKnownFileType = sourcecode.c.h; path = KZConverter.h; sourceTree = "<group>"; };
		EA4F49721C5EC05700103559 /* KZPlayerInner.m */ = {isa = PBXFileReference; fileEncoding = 4; lastKnownFileType = sourcecode.c.objc; name = KZPlayerInner.m; path = EZAudio/KZPlayerInner.m; sourceTree = "<group>"; };
		EA4F49731C5EC05700103559 /* KZPlayerInner.h */ = {isa = PBXFileReference; fileEncoding = 4; lastKnownFileType = sourcecode.c.h; name = KZPlayerInner.h; path = EZAudio/KZPlayerInner.h; sourceTree = "<group>"; };
		EA4F49741C5EC05700103559 /* EZAudio.m */ = {isa = PBXFileReference; fileEncoding = 4; lastKnownFileType = sourcecode.c.objc; path = EZAudio.m; sourceTree = "<group>"; };
		EA4F49761C5EC05700103559 /* EZAudioFile.h */ = {isa = PBXFileReference; fileEncoding = 4; lastKnownFileType = sourcecode.c.h; path = EZAudioFile.h; sourceTree = "<group>"; };
		EA4F49771C5EC05700103559 /* EZAudioFile.m */ = {isa = PBXFileReference; fileEncoding = 4; lastKnownFileType = sourcecode.c.objc; path = EZAudioFile.m; sourceTree = "<group>"; };
		EA4F49831C5EC05700103559 /* EZAudio.h */ = {isa = PBXFileReference; fileEncoding = 4; lastKnownFileType = sourcecode.c.h; path = EZAudio.h; sourceTree = "<group>"; };
		EA4F498D1C5F2D3800103559 /* EZOutput.h */ = {isa = PBXFileReference; fileEncoding = 4; lastKnownFileType = sourcecode.c.h; path = EZOutput.h; sourceTree = "<group>"; };
		EA4F498E1C5F2D3800103559 /* EZOutput.m */ = {isa = PBXFileReference; fileEncoding = 4; lastKnownFileType = sourcecode.c.objc; path = EZOutput.m; sourceTree = "<group>"; };
		EA54E5C11CC5D8210033135B /* UIToolbarStyles.swift */ = {isa = PBXFileReference; fileEncoding = 4; lastKnownFileType = sourcecode.swift; path = UIToolbarStyles.swift; sourceTree = "<group>"; };
		EA6F5B801CD1392A00C9638D /* ProfileViewController.swift */ = {isa = PBXFileReference; fileEncoding = 4; lastKnownFileType = sourcecode.swift; path = ProfileViewController.swift; sourceTree = "<group>"; };
		EA6F5B821CD1466900C9638D /* ProfileStatView.swift */ = {isa = PBXFileReference; fileEncoding = 4; lastKnownFileType = sourcecode.swift; path = ProfileStatView.swift; sourceTree = "<group>"; };
		EA6F5B861CD1A90000C9638D /* ProfileSettingsViewController.swift */ = {isa = PBXFileReference; fileEncoding = 4; lastKnownFileType = sourcecode.swift; path = ProfileSettingsViewController.swift; sourceTree = "<group>"; };
		EA6F5B881CD1A99D00C9638D /* SettingsProfilePictureCell.swift */ = {isa = PBXFileReference; fileEncoding = 4; lastKnownFileType = sourcecode.swift; path = SettingsProfilePictureCell.swift; sourceTree = "<group>"; };
		EA6F5B8A1CD1B1E400C9638D /* STMSetting.swift */ = {isa = PBXFileReference; fileEncoding = 4; lastKnownFileType = sourcecode.swift; path = STMSetting.swift; sourceTree = "<group>"; };
		EA6F5B8C1CD224A400C9638D /* UserCommentCell.swift */ = {isa = PBXFileReference; fileEncoding = 4; lastKnownFileType = sourcecode.swift; path = UserCommentCell.swift; sourceTree = "<group>"; };
		EA79C7A31CDBCC3700A5CA94 /* ProfileStatsListViewController.swift */ = {isa = PBXFileReference; fileEncoding = 4; lastKnownFileType = sourcecode.swift; path = ProfileStatsListViewController.swift; sourceTree = "<group>"; };
		EA79C7A51CDBEF2B00A5CA94 /* GradientSlider.swift */ = {isa = PBXFileReference; fileEncoding = 4; lastKnownFileType = sourcecode.swift; path = GradientSlider.swift; sourceTree = "<group>"; };
		EA79C7A71CDD423E00A5CA94 /* FinishTwitterAccountViewController.swift */ = {isa = PBXFileReference; fileEncoding = 4; lastKnownFileType = sourcecode.swift; path = FinishTwitterAccountViewController.swift; sourceTree = "<group>"; };
		EA86DCFF1CCC281600064040 /* TimelineItemCell.swift */ = {isa = PBXFileReference; fileEncoding = 4; lastKnownFileType = sourcecode.swift; path = TimelineItemCell.swift; sourceTree = "<group>"; };
		EA86DD011CCC291D00064040 /* STMTimelineItem.swift */ = {isa = PBXFileReference; fileEncoding = 4; lastKnownFileType = sourcecode.swift; path = STMTimelineItem.swift; sourceTree = "<group>"; };
		EA8D3DE01C7D75C3003ACCFC /* MessageToolbarView.swift */ = {isa = PBXFileReference; fileEncoding = 4; lastKnownFileType = sourcecode.swift; path = MessageToolbarView.swift; sourceTree = "<group>"; };
		EA9216B01C856DBB00EA499B /* TriangleView.swift */ = {isa = PBXFileReference; fileEncoding = 4; lastKnownFileType = sourcecode.swift; path = TriangleView.swift; sourceTree = "<group>"; };
		EA9216B21C857A4F00EA499B /* DashboardStreamInfo.swift */ = {isa = PBXFileReference; fileEncoding = 4; lastKnownFileType = sourcecode.swift; path = DashboardStreamInfo.swift; sourceTree = "<group>"; };
		EAB0E6961C780821008945FF /* YBDelay.h */ = {isa = PBXFileReference; fileEncoding = 4; lastKnownFileType = sourcecode.c.h; path = YBDelay.h; sourceTree = "<group>"; };
		EAB0E6971C780866008945FF /* YBDelay.m */ = {isa = PBXFileReference; fileEncoding = 4; lastKnownFileType = sourcecode.c.objc; path = YBDelay.m; sourceTree = "<group>"; };
		EAB0E69A1C7813B5008945FF /* FUXCombinators.swift */ = {isa = PBXFileReference; fileEncoding = 4; lastKnownFileType = sourcecode.swift; path = FUXCombinators.swift; sourceTree = "<group>"; };
		EAB0E69B1C7813B5008945FF /* FUXData.swift */ = {isa = PBXFileReference; fileEncoding = 4; lastKnownFileType = sourcecode.swift; path = FUXData.swift; sourceTree = "<group>"; };
		EAB0E69C1C7813B5008945FF /* FUXEasingCombinators.swift */ = {isa = PBXFileReference; fileEncoding = 4; lastKnownFileType = sourcecode.swift; path = FUXEasingCombinators.swift; sourceTree = "<group>"; };
		EAB0E69D1C7813B5008945FF /* FUXEngine.swift */ = {isa = PBXFileReference; fileEncoding = 4; lastKnownFileType = sourcecode.swift; path = FUXEngine.swift; sourceTree = "<group>"; };
		EAB0E6A21C78146C008945FF /* LICENSE */ = {isa = PBXFileReference; fileEncoding = 4; lastKnownFileType = text; path = LICENSE; sourceTree = "<group>"; };
		EAB0E6A61C78EEB0008945FF /* UILabelStyles.swift */ = {isa = PBXFileReference; fileEncoding = 4; lastKnownFileType = sourcecode.swift; path = UILabelStyles.swift; sourceTree = "<group>"; };
		EAB0E6A81C78F8E9008945FF /* SettingJoinedView.swift */ = {isa = PBXFileReference; fileEncoding = 4; lastKnownFileType = sourcecode.swift; path = SettingJoinedView.swift; sourceTree = "<group>"; };
		EAB0E6AA1C7966E4008945FF /* STM.entitlements */ = {isa = PBXFileReference; lastKnownFileType = text.xml; path = STM.entitlements; sourceTree = "<group>"; };
		EAB0E6AB1C7966E5008945FF /* AudioToolbox.framework */ = {isa = PBXFileReference; lastKnownFileType = wrapper.framework; name = AudioToolbox.framework; path = System/Library/Frameworks/AudioToolbox.framework; sourceTree = SDKROOT; };
		EAB39D401C7B149600D8C70F /* Localizable.strings */ = {isa = PBXFileReference; fileEncoding = 4; lastKnownFileType = text.plist.strings; path = Localizable.strings; sourceTree = "<group>"; };
		EACD2B3F1C75996600A6CFD6 /* HostInfoHolderView.swift */ = {isa = PBXFileReference; fileEncoding = 4; lastKnownFileType = sourcecode.swift; path = HostInfoHolderView.swift; sourceTree = "<group>"; };
		EAE0630F1C7E7A0900C86823 /* STMComment.swift */ = {isa = PBXFileReference; fileEncoding = 4; lastKnownFileType = sourcecode.swift; path = STMComment.swift; sourceTree = "<group>"; };
		EAE063111C7E94D000C86823 /* CommentCell.swift */ = {isa = PBXFileReference; fileEncoding = 4; lastKnownFileType = sourcecode.swift; path = CommentCell.swift; sourceTree = "<group>"; };
		EAE545021C76978F00180241 /* MeterTable.m */ = {isa = PBXFileReference; fileEncoding = 4; lastKnownFileType = sourcecode.c.objc; path = MeterTable.m; sourceTree = "<group>"; };
		EAE545031C76978F00180241 /* MeterTable.h */ = {isa = PBXFileReference; fileEncoding = 4; lastKnownFileType = sourcecode.c.h; path = MeterTable.h; sourceTree = "<group>"; };
		EAE545051C76BA9200180241 /* STMVisualizer.swift */ = {isa = PBXFileReference; fileEncoding = 4; lastKnownFileType = sourcecode.swift; path = STMVisualizer.swift; sourceTree = "<group>"; };
		EAFFCB111C876F5800258C16 /* PlayerViewController.swift */ = {isa = PBXFileReference; fileEncoding = 4; lastKnownFileType = sourcecode.swift; path = PlayerViewController.swift; sourceTree = "<group>"; };
		EAFFCB131C87E59300258C16 /* ObjectiveCProcessing.h */ = {isa = PBXFileReference; fileEncoding = 4; lastKnownFileType = sourcecode.c.h; path = ObjectiveCProcessing.h; sourceTree = "<group>"; };
		EAFFCB141C87E59300258C16 /* ObjectiveCProcessing.m */ = {isa = PBXFileReference; fileEncoding = 4; lastKnownFileType = sourcecode.c.objc; path = ObjectiveCProcessing.m; sourceTree = "<group>"; };
		EAFFCB161C8A1B1B00258C16 /* PlayerInfoHolderView.swift */ = {isa = PBXFileReference; fileEncoding = 4; lastKnownFileType = sourcecode.swift; path = PlayerInfoHolderView.swift; sourceTree = "<group>"; };
/* End PBXFileReference section */

/* Begin PBXFrameworksBuildPhase section */
		29DA0B201CFA031600E30ADE /* Frameworks */ = {
			isa = PBXFrameworksBuildPhase;
			buildActionMask = 2147483647;
			files = (
			);
			runOnlyForDeploymentPostprocessing = 0;
		};
		EA09CAA61C5C41510067FF6A /* Frameworks */ = {
			isa = PBXFrameworksBuildPhase;
			buildActionMask = 2147483647;
			files = (
				EAB0E6AC1C7966E5008945FF /* AudioToolbox.framework in Frameworks */,
				F5F52A645490AA4686CE08FD /* Pods_STM.framework in Frameworks */,
			);
			runOnlyForDeploymentPostprocessing = 0;
		};
/* End PBXFrameworksBuildPhase section */

/* Begin PBXGroup section */
		2936AA581CFC19E400C647D0 /* Recovered References */ = {
			isa = PBXGroup;
			children = (
			);
			name = "Recovered References";
			sourceTree = "<group>";
		};
		29DA0B241CFA031600E30ADE /* STMTests */ = {
			isa = PBXGroup;
			children = (
				29DA0B251CFA031600E30ADE /* STMTests.swift */,
				29DA0B271CFA031600E30ADE /* Info.plist */,
			);
			path = STMTests;
			sourceTree = "<group>";
		};
		90E6E90A4A83FD448C0E6C3D /* Pods */ = {
			isa = PBXGroup;
			children = (
				E089FBE7B08BC56B57936FF1 /* Pods-STM.debug.xcconfig */,
				ACB77300A114E3FC1AE33834 /* Pods-STM.release.xcconfig */,
			);
			name = Pods;
			sourceTree = "<group>";
		};
		98574C4A951DCFEA0F886856 /* Frameworks */ = {
			isa = PBXGroup;
			children = (
				EAB0E6AB1C7966E5008945FF /* AudioToolbox.framework */,
				3B4177B55191B175F8A0C4B8 /* Pods.framework */,
				899F5F08440FB63B4BC74A8F /* Pods_STM.framework */,
			);
			name = Frameworks;
			sourceTree = "<group>";
		};
		EA01AF8B1C5CB6FA00F56792 /* Tabs */ = {
			isa = PBXGroup;
			children = (
				EA2898A81CD460AD0025F43B /* Messages */,
				EA6F5B7F1CD138E900C9638D /* Profile */,
				EA01AF8F1C5CB74C00F56792 /* Dashboard */,
				EA01AF941C5CC44A00F56792 /* Create Stream */,
				EA3EF7D21CCEEE1F009E4524 /* Search */,
			);
			path = Tabs;
			sourceTree = "<group>";
		};
		EA01AF8F1C5CB74C00F56792 /* Dashboard */ = {
			isa = PBXGroup;
			children = (
				EA01AF901C5CB8DC00F56792 /* DashboardViewController.swift */,
			);
			path = Dashboard;
			sourceTree = "<group>";
		};
		EA01AF941C5CC44A00F56792 /* Create Stream */ = {
			isa = PBXGroup;
			children = (
				EA01AF951C5CC48700F56792 /* CreateStreamViewController.swift */,
			);
			path = "Create Stream";
			sourceTree = "<group>";
		};
		EA09CAA01C5C41510067FF6A = {
			isa = PBXGroup;
			children = (
				EA09CAAB1C5C41510067FF6A /* STM */,
				29DA0B241CFA031600E30ADE /* STMTests */,
				EA09CAAA1C5C41510067FF6A /* Products */,
				98574C4A951DCFEA0F886856 /* Frameworks */,
				2936AA581CFC19E400C647D0 /* Recovered References */,
				90E6E90A4A83FD448C0E6C3D /* Pods */,
			);
			sourceTree = "<group>";
		};
		EA09CAAA1C5C41510067FF6A /* Products */ = {
			isa = PBXGroup;
			children = (
				EA09CAA91C5C41510067FF6A /* STM.app */,
				29DA0B231CFA031600E30ADE /* STMTests.xctest */,
			);
			name = Products;
			sourceTree = "<group>";
		};
		EA09CAAB1C5C41510067FF6A /* STM */ = {
			isa = PBXGroup;
			children = (
				EA09CAC11C5C5C360067FF6A /* Extras */,
				EA09CABE1C5C446F0067FF6A /* Models */,
				EA09CABF1C5C44770067FF6A /* Views */,
				EA09CAC01C5C447E0067FF6A /* Controllers */,
				EA09CAAC1C5C41510067FF6A /* AppDelegate.swift */,
				EA09CAC71C5C5D170067FF6A /* Constants.swift */,
				EA09CACA1C5C63A20067FF6A /* LaunchScreen.storyboard */,
				EA09CAB31C5C41510067FF6A /* Assets.xcassets */,
				EA09CAB81C5C41510067FF6A /* Info.plist */,
				EAB39D401C7B149600D8C70F /* Localizable.strings */,
				EAB0E6AA1C7966E4008945FF /* STM.entitlements */,
			);
			path = STM;
			sourceTree = "<group>";
		};
		EA09CABE1C5C446F0067FF6A /* Models */ = {
			isa = PBXGroup;
			children = (
				EA01AF921C5CBCA600F56792 /* STMUser.swift */,
				EA209DAE1C82BAB700A22BC4 /* STMDashboardItem.swift */,
				EA86DD011CCC291D00064040 /* STMTimelineItem.swift */,
				EAE0630F1C7E7A0900C86823 /* STMComment.swift */,
				EA2898B11CD4C5D80025F43B /* STMMessage.swift */,
				EA2898AF1CD4C3ED0025F43B /* STMConversation.swift */,
				EA27B1FB1C5D2D05006F269D /* STMStream.swift */,
				EA2898C11CD5CB390025F43B /* STMStreamMeta.swift */,
				EA6F5B8A1CD1B1E400C9638D /* STMSetting.swift */,
			);
			path = Models;
			sourceTree = "<group>";
		};
		EA09CABF1C5C44770067FF6A /* Views */ = {
			isa = PBXGroup;
			children = (
				EA54E5C01CC5D7D90033135B /* Styles */,
				EA4E49491C61413400CB40D7 /* Generic */,
				EA4E49431C613F1E00CB40D7 /* Table Cells */,
				EA209DAB1C829B0300A22BC4 /* Collection Cells */,
				EA09CAC51C5C5D040067FF6A /* Window.swift */,
				EAE545051C76BA9200180241 /* STMVisualizer.swift */,
				EA9216B01C856DBB00EA499B /* TriangleView.swift */,
				EA9216B21C857A4F00EA499B /* DashboardStreamInfo.swift */,
			);
			path = Views;
			sourceTree = "<group>";
		};
		EA09CAC01C5C447E0067FF6A /* Controllers */ = {
			isa = PBXGroup;
			children = (
				EA2898A31CD3E8DD0025F43B /* Global */,
				EA54E5C61CC692590033135B /* Host */,
				EAFFCB101C876F1700258C16 /* Player */,
				EA09CAD51C5C89430067FF6A /* Launch */,
				EA01AF8B1C5CB6FA00F56792 /* Tabs */,
				EA09CAD61C5C89A50067FF6A /* NavigationController.swift */,
				290F8C4A1DA8A350007237AE /* TabBarController.swift */,
			);
			path = Controllers;
			sourceTree = "<group>";
		};
		EA09CAC11C5C5C360067FF6A /* Extras */ = {
			isa = PBXGroup;
			children = (
				EAB0E6991C78138F008945FF /* Tween */,
				EA4F49341C5EBE8E00103559 /* Ports */,
				EA27B1FD1C5D32F6006F269D /* Player */,
				EA09CAC21C5C5C680067FF6A /* STM-Bridging-Header.h */,
				EAFFCB131C87E59300258C16 /* ObjectiveCProcessing.h */,
				EAFFCB141C87E59300258C16 /* ObjectiveCProcessing.m */,
				290F8C4C1DA8A728007237AE /* UIVisualViewEffect.swift */,
			);
			path = Extras;
			sourceTree = "<group>";
		};
		EA09CAD51C5C89430067FF6A /* Launch */ = {
			isa = PBXGroup;
			children = (
				EA09CAC31C5C5CD30067FF6A /* InitialViewController.swift */,
				29E6E3221DA1364700E2D2CD /* WalkthroughViewController.swift */,
				EA09CAD11C5C85AF0067FF6A /* CreateAccountViewController.swift */,
				EA79C7A71CDD423E00A5CA94 /* FinishTwitterAccountViewController.swift */,
				EA01AF891C5CB3C500F56792 /* SignInViewController.swift */,
			);
			path = Launch;
			sourceTree = "<group>";
		};
		EA209DAB1C829B0300A22BC4 /* Collection Cells */ = {
			isa = PBXGroup;
			children = (
				EA209DAC1C829B8500A22BC4 /* DashboardItemCollectionCell.swift */,
			);
			path = "Collection Cells";
			sourceTree = "<group>";
		};
		EA27B1FD1C5D32F6006F269D /* Player */ = {
			isa = PBXGroup;
			children = (
				EA27B1FF1C5D3312006F269D /* KZPlayerItem.swift */,
			);
			path = Player;
			sourceTree = "<group>";
		};
		EA2898A31CD3E8DD0025F43B /* Global */ = {
			isa = PBXGroup;
			children = (
				EA2898A41CD3E9080025F43B /* CommentViewController.swift */,
			);
			path = Global;
			sourceTree = "<group>";
		};
		EA2898A81CD460AD0025F43B /* Messages */ = {
			isa = PBXGroup;
			children = (
				EA2898A91CD461410025F43B /* MessagesViewController.swift */,
				EA2898B31CD4D1060025F43B /* ConversationViewController.swift */,
				EA2898AB1CD4A7260025F43B /* NewMessageViewController.swift */,
			);
			path = Messages;
			sourceTree = "<group>";
		};
		EA3EF7D21CCEEE1F009E4524 /* Search */ = {
			isa = PBXGroup;
			children = (
				EA3EF7D31CCEEE60009E4524 /* SearchViewController.swift */,
			);
			path = Search;
			sourceTree = "<group>";
		};
		EA4E49431C613F1E00CB40D7 /* Table Cells */ = {
			isa = PBXGroup;
			children = (
				EA24C0621C683F8300FE4DD0 /* MCSwipeCell.swift */,
				EA4E49471C613F7C00CB40D7 /* HostStreamCell.swift */,
				EA209DA91C8292A800A22BC4 /* DashboardItemCell.swift */,
				290F8C4E1DA9318A007237AE /* FeaturedStreamCell.swift */,
				EA86DCFF1CCC281600064040 /* TimelineItemCell.swift */,
				EAE063111C7E94D000C86823 /* CommentCell.swift */,
				EA6F5B8C1CD224A400C9638D /* UserCommentCell.swift */,
				EA2898A61CD3ED1B0025F43B /* ExtendedUserCommentCell.swift */,
				EA3EF7D51CCF014C009E4524 /* SearchUserCell.swift */,
				EA2898AD1CD4AD1F0025F43B /* UserSelectionCell.swift */,
				EA3EF7D71CCF028F009E4524 /* SearchStreamCell.swift */,
				EA6F5B881CD1A99D00C9638D /* SettingsProfilePictureCell.swift */,
				EA2898C51CD5FF190025F43B /* SettingsNameCell.swift */,
				EA2898C31CD5F1390025F43B /* SettingsUserCell.swift */,
				EA481DE71C630EED008E3E6E /* SelectSongCell.swift */,
				EA24C0641C68418600FE4DD0 /* UpNextSongCell.swift */,
				EA2898B91CD4DD8F0025F43B /* ConvoCell.swift */,
				EA2898B51CD4D7430025F43B /* STMMessageOtherCell.swift */,
				EA2898B61CD4D7430025F43B /* STMMessageYouCell.swift */,
			);
			path = "Table Cells";
			sourceTree = "<group>";
		};
		EA4E49491C61413400CB40D7 /* Generic */ = {
			isa = PBXGroup;
			children = (
				EA4E494A1C61416400CB40D7 /* Label.swift */,
				EA4E494C1C617FA000CB40D7 /* GradientView.swift */,
				EA79C7A51CDBEF2B00A5CA94 /* GradientSlider.swift */,
				EAB0E6A81C78F8E9008945FF /* SettingJoinedView.swift */,
				EA8D3DE01C7D75C3003ACCFC /* MessageToolbarView.swift */,
				EA6F5B821CD1466900C9638D /* ProfileStatView.swift */,
				EA2898A11CD328520025F43B /* CellButton.swift */,
				EA2898BD1CD535CC0025F43B /* TextField.swift */,
				EA2898BF1CD5AF150025F43B /* StreamStatusView.swift */,
			);
			path = Generic;
			sourceTree = "<group>";
		};
		EA4F49341C5EBE8E00103559 /* Ports */ = {
			isa = PBXGroup;
			children = (
				EA4F496B1C5EBFDB00103559 /* EZAudio */,
				EA4F49381C5EBF6D00103559 /* YBAudioUnit */,
				EA4F496D1C5EC04C00103559 /* KZConverter.h */,
				EA4F496C1C5EC04C00103559 /* KZConverter.m */,
				EA4F49731C5EC05700103559 /* KZPlayerInner.h */,
				EA4F49721C5EC05700103559 /* KZPlayerInner.m */,
			);
			path = Ports;
			sourceTree = "<group>";
		};
		EA4F49381C5EBF6D00103559 /* YBAudioUnit */ = {
			isa = PBXGroup;
			children = (
				EA4F49391C5EBFA000103559 /* YBNBandEQNode.h */,
				EA4F493A1C5EBFA000103559 /* YBNBandEQNode.m */,
				EA4F493B1C5EBFA000103559 /* YBFormatConverter.h */,
				EA4F493C1C5EBFA000103559 /* YBFormatConverter.m */,
				EA4F493D1C5EBFA000103559 /* YBPresetEQNode.h */,
				EA4F493E1C5EBFA000103559 /* YBPresetEQNode.m */,
				EA4F493F1C5EBFA000103559 /* YBAudioComponent.h */,
				EA4F49401C5EBFA000103559 /* YBAudioComponent.m */,
				EA4F49411C5EBFA000103559 /* YBAudioException.h */,
				EA4F49421C5EBFA000103559 /* YBAudioException.m */,
				EA4F49431C5EBFA000103559 /* YBAudioFilePlayer.h */,
				EA4F49441C5EBFA000103559 /* YBAudioFilePlayer.m */,
				EA4F49451C5EBFA000103559 /* YBAudioUnit.h */,
				EA4F49461C5EBFA000103559 /* YBAudioUnitGraph.h */,
				EA4F49471C5EBFA000103559 /* YBAudioUnitGraph.m */,
				EA4F49481C5EBFA000103559 /* YBAudioUnitNode.h */,
				EA4F49491C5EBFA000103559 /* YBAudioUnitNode.m */,
				EA4F494A1C5EBFA000103559 /* YBAudioUtils.h */,
				EA4F494B1C5EBFA000103559 /* YBAudioUtils.m */,
				EA4F494C1C5EBFA000103559 /* YBDistortionFilter.h */,
				EA4F494D1C5EBFA000103559 /* YBDistortionFilter.m */,
				EAB0E6961C780821008945FF /* YBDelay.h */,
				EAB0E6971C780866008945FF /* YBDelay.m */,
				EA4F494E1C5EBFA000103559 /* YBMultiChannelMixer.h */,
				EA4F494F1C5EBFA000103559 /* YBMultiChannelMixer.m */,
				EA4F49501C5EBFA000103559 /* YBAudioUnitFiles-Prefix.pch */,
				EA4F49511C5EBFA000103559 /* YBScheduledSoundPlayer.h */,
				EA4F49521C5EBFA000103559 /* YBScheduledSoundPlayer.m */,
				EA4F49531C5EBFA000103559 /* YBTremoloFilter.h */,
				EA4F49541C5EBFA000103559 /* YBTremoloFilter.m */,
				EA4F49551C5EBFA000103559 /* YBVarispeedConverter.h */,
				EA4F49561C5EBFA000103559 /* YBVarispeedConverter.m */,
				EA4F49571C5EBFA000103559 /* YBNewTimePitch.h */,
				EA4F49581C5EBFA000103559 /* YBNewTimePitch.m */,
				EA4F49591C5EBFA000103559 /* YBReverb.h */,
				EA4F495A1C5EBFA000103559 /* YBReverb.m */,
			);
			path = YBAudioUnit;
			sourceTree = "<group>";
		};
		EA4F496B1C5EBFDB00103559 /* EZAudio */ = {
			isa = PBXGroup;
			children = (
				EA4F498D1C5F2D3800103559 /* EZOutput.h */,
				EA4F498E1C5F2D3800103559 /* EZOutput.m */,
				EA4F49831C5EC05700103559 /* EZAudio.h */,
				EA4F49741C5EC05700103559 /* EZAudio.m */,
				EA4F49761C5EC05700103559 /* EZAudioFile.h */,
				EA4F49771C5EC05700103559 /* EZAudioFile.m */,
				EAE545021C76978F00180241 /* MeterTable.m */,
				EAE545031C76978F00180241 /* MeterTable.h */,
			);
			path = EZAudio;
			sourceTree = "<group>";
		};
		EA54E5C01CC5D7D90033135B /* Styles */ = {
			isa = PBXGroup;
			children = (
				EA09CACF1C5C84B00067FF6A /* UIButtonStyles.swift */,
				EA09CAD31C5C86430067FF6A /* UITextFieldStyles.swift */,
				EAB0E6A61C78EEB0008945FF /* UILabelStyles.swift */,
				EA54E5C11CC5D8210033135B /* UIToolbarStyles.swift */,
			);
			path = Styles;
			sourceTree = "<group>";
		};
		EA54E5C61CC692590033135B /* Host */ = {
			isa = PBXGroup;
			children = (
				EA01AF971C5CD67E00F56792 /* HostViewController.swift */,
				EACD2B3F1C75996600A6CFD6 /* HostInfoHolderView.swift */,
			);
			path = Host;
			sourceTree = "<group>";
		};
		EA6F5B7F1CD138E900C9638D /* Profile */ = {
			isa = PBXGroup;
			children = (
				EA6F5B801CD1392A00C9638D /* ProfileViewController.swift */,
				EA6F5B861CD1A90000C9638D /* ProfileSettingsViewController.swift */,
				EA79C7A31CDBCC3700A5CA94 /* ProfileStatsListViewController.swift */,
			);
			path = Profile;
			sourceTree = "<group>";
		};
		EAB0E6991C78138F008945FF /* Tween */ = {
			isa = PBXGroup;
			children = (
				EAB0E69A1C7813B5008945FF /* FUXCombinators.swift */,
				EAB0E69B1C7813B5008945FF /* FUXData.swift */,
				EAB0E69C1C7813B5008945FF /* FUXEasingCombinators.swift */,
				EAB0E69D1C7813B5008945FF /* FUXEngine.swift */,
				EAB0E6A21C78146C008945FF /* LICENSE */,
			);
			path = Tween;
			sourceTree = "<group>";
		};
		EAFFCB101C876F1700258C16 /* Player */ = {
			isa = PBXGroup;
			children = (
				EAFFCB111C876F5800258C16 /* PlayerViewController.swift */,
				EAFFCB161C8A1B1B00258C16 /* PlayerInfoHolderView.swift */,
			);
			path = Player;
			sourceTree = "<group>";
		};
/* End PBXGroup section */

/* Begin PBXNativeTarget section */
		29DA0B221CFA031600E30ADE /* STMTests */ = {
			isa = PBXNativeTarget;
			buildConfigurationList = 29DA0B2A1CFA031600E30ADE /* Build configuration list for PBXNativeTarget "STMTests" */;
			buildPhases = (
				29DA0B1F1CFA031600E30ADE /* Sources */,
				29DA0B201CFA031600E30ADE /* Frameworks */,
				29DA0B211CFA031600E30ADE /* Resources */,
			);
			buildRules = (
			);
			dependencies = (
				29DA0B291CFA031600E30ADE /* PBXTargetDependency */,
			);
			name = STMTests;
			productName = STMTests;
			productReference = 29DA0B231CFA031600E30ADE /* STMTests.xctest */;
			productType = "com.apple.product-type.bundle.unit-test";
		};
		EA09CAA81C5C41510067FF6A /* STM */ = {
			isa = PBXNativeTarget;
			buildConfigurationList = EA09CABB1C5C41510067FF6A /* Build configuration list for PBXNativeTarget "STM" */;
			buildPhases = (
				ECF2F0FEAC738B17566E4EA4 /* [CP] Check Pods Manifest.lock */,
				EAB0E6A41C78D66D008945FF /* ShellScript */,
				EA09CAA51C5C41510067FF6A /* Sources */,
				EA09CAA61C5C41510067FF6A /* Frameworks */,
				EA09CAA71C5C41510067FF6A /* Resources */,
				EA8D3DDF1C7D4D56003ACCFC /* ShellScript */,
				29E55C8DF663D3817B72A04B /* [CP] Embed Pods Frameworks */,
				FA5CBF38FD877B434809929F /* [CP] Copy Pods Resources */,
			);
			buildRules = (
			);
			dependencies = (
			);
			name = STM;
			productName = STM;
			productReference = EA09CAA91C5C41510067FF6A /* STM.app */;
			productType = "com.apple.product-type.application";
		};
/* End PBXNativeTarget section */

/* Begin PBXProject section */
		EA09CAA11C5C41510067FF6A /* Project object */ = {
			isa = PBXProject;
			attributes = {
				LastSwiftMigration = 0730;
				LastSwiftUpdateCheck = 0730;
				LastUpgradeCheck = 0800;
				ORGANIZATIONNAME = "Storm Edge Apps LLC";
				TargetAttributes = {
					29DA0B221CFA031600E30ADE = {
						CreatedOnToolsVersion = 7.3.1;
						LastSwiftMigration = 0800;
						TestTargetID = EA09CAA81C5C41510067FF6A;
					};
					EA09CAA81C5C41510067FF6A = {
						CreatedOnToolsVersion = 7.3;
						DevelopmentTeam = FYHEVSXTTV;
						LastSwiftMigration = 0800;
						ProvisioningStyle = Manual;
						SystemCapabilities = {
							com.apple.BackgroundModes = {
								enabled = 1;
							};
							com.apple.InterAppAudio = {
								enabled = 1;
							};
							com.apple.Push = {
								enabled = 1;
							};
						};
					};
				};
			};
			buildConfigurationList = EA09CAA41C5C41510067FF6A /* Build configuration list for PBXProject "STM" */;
			compatibilityVersion = "Xcode 3.2";
			developmentRegion = English;
			hasScannedForEncodings = 0;
			knownRegions = (
				en,
				Base,
			);
			mainGroup = EA09CAA01C5C41510067FF6A;
			productRefGroup = EA09CAAA1C5C41510067FF6A /* Products */;
			projectDirPath = "";
			projectRoot = "";
			targets = (
				EA09CAA81C5C41510067FF6A /* STM */,
				29DA0B221CFA031600E30ADE /* STMTests */,
			);
		};
/* End PBXProject section */

/* Begin PBXResourcesBuildPhase section */
		29DA0B211CFA031600E30ADE /* Resources */ = {
			isa = PBXResourcesBuildPhase;
			buildActionMask = 2147483647;
			files = (
			);
			runOnlyForDeploymentPostprocessing = 0;
		};
		EA09CAA71C5C41510067FF6A /* Resources */ = {
			isa = PBXResourcesBuildPhase;
			buildActionMask = 2147483647;
			files = (
				EAB0E6A31C78146C008945FF /* LICENSE in Resources */,
				EAB39D411C7B149600D8C70F /* Localizable.strings in Resources */,
				EA09CACB1C5C63A20067FF6A /* LaunchScreen.storyboard in Resources */,
				EA09CAB41C5C41510067FF6A /* Assets.xcassets in Resources */,
			);
			runOnlyForDeploymentPostprocessing = 0;
		};
/* End PBXResourcesBuildPhase section */

/* Begin PBXShellScriptBuildPhase section */
		29E55C8DF663D3817B72A04B /* [CP] Embed Pods Frameworks */ = {
			isa = PBXShellScriptBuildPhase;
			buildActionMask = 2147483647;
			files = (
			);
			inputPaths = (
			);
			name = "[CP] Embed Pods Frameworks";
			outputPaths = (
			);
			runOnlyForDeploymentPostprocessing = 0;
			shellPath = /bin/sh;
			shellScript = "\"${SRCROOT}/Pods/Target Support Files/Pods-STM/Pods-STM-frameworks.sh\"\n";
			showEnvVarsInLog = 0;
		};
		EA8D3DDF1C7D4D56003ACCFC /* ShellScript */ = {
			isa = PBXShellScriptBuildPhase;
			buildActionMask = 2147483647;
			files = (
			);
			inputPaths = (
			);
			outputPaths = (
			);
			runOnlyForDeploymentPostprocessing = 0;
			shellPath = /bin/sh;
			shellScript = "\"${PODS_ROOT}/Fabric/run\" 0cff9cc7927135c3d29059393dd56ba7f01dc186 ea76c94efc96484ce0d6c8eb39079ad1423a836489e4ca6ddedb17806ba14b3d";
		};
		EAB0E6A41C78D66D008945FF /* ShellScript */ = {
			isa = PBXShellScriptBuildPhase;
			buildActionMask = 2147483647;
			files = (
			);
			inputPaths = (
			);
			outputPaths = (
			);
			runOnlyForDeploymentPostprocessing = 0;
			shellPath = /bin/sh;
			shellScript = "if which swiftlint >/dev/null; then\n    swiftlint\nelse\n    echo \"warning: SwiftLint not installed, download from https://github.com/realm/SwiftLint\"\nfi";
		};
		ECF2F0FEAC738B17566E4EA4 /* [CP] Check Pods Manifest.lock */ = {
			isa = PBXShellScriptBuildPhase;
			buildActionMask = 2147483647;
			files = (
			);
			inputPaths = (
			);
			name = "[CP] Check Pods Manifest.lock";
			outputPaths = (
			);
			runOnlyForDeploymentPostprocessing = 0;
			shellPath = /bin/sh;
			shellScript = "diff \"${PODS_ROOT}/../Podfile.lock\" \"${PODS_ROOT}/Manifest.lock\" > /dev/null\nif [ $? != 0 ] ; then\n    # print error to STDERR\n    echo \"error: The sandbox is not in sync with the Podfile.lock. Run 'pod install' or update your CocoaPods installation.\" >&2\n    exit 1\nfi\n";
			showEnvVarsInLog = 0;
		};
		FA5CBF38FD877B434809929F /* [CP] Copy Pods Resources */ = {
			isa = PBXShellScriptBuildPhase;
			buildActionMask = 2147483647;
			files = (
			);
			inputPaths = (
			);
			name = "[CP] Copy Pods Resources";
			outputPaths = (
			);
			runOnlyForDeploymentPostprocessing = 0;
			shellPath = /bin/sh;
			shellScript = "\"${SRCROOT}/Pods/Target Support Files/Pods-STM/Pods-STM-resources.sh\"\n";
			showEnvVarsInLog = 0;
		};
/* End PBXShellScriptBuildPhase section */

/* Begin PBXSourcesBuildPhase section */
		29DA0B1F1CFA031600E30ADE /* Sources */ = {
			isa = PBXSourcesBuildPhase;
			buildActionMask = 2147483647;
			files = (
				29DA0B261CFA031600E30ADE /* STMTests.swift in Sources */,
			);
			runOnlyForDeploymentPostprocessing = 0;
		};
		EA09CAA51C5C41510067FF6A /* Sources */ = {
			isa = PBXSourcesBuildPhase;
			buildActionMask = 2147483647;
			files = (
				EA79C7A41CDBCC3700A5CA94 /* ProfileStatsListViewController.swift in Sources */,
				EAB0E6A91C78F8E9008945FF /* SettingJoinedView.swift in Sources */,
				EA2898B81CD4D7430025F43B /* STMMessageYouCell.swift in Sources */,
				EA4F49611C5EBFA000103559 /* YBAudioUnitGraph.m in Sources */,
				EA2898C61CD5FF190025F43B /* SettingsNameCell.swift in Sources */,
				EA209DAF1C82BAB700A22BC4 /* STMDashboardItem.swift in Sources */,
				EAE545061C76BA9200180241 /* STMVisualizer.swift in Sources */,
				EA4F496A1C5EBFA000103559 /* YBReverb.m in Sources */,
				EA4F49871C5EC05700103559 /* EZAudioFile.m in Sources */,
				29E6E3231DA1364700E2D2CD /* WalkthroughViewController.swift in Sources */,
				EA8D3DE11C7D75C3003ACCFC /* MessageToolbarView.swift in Sources */,
				EA2898C01CD5AF150025F43B /* StreamStatusView.swift in Sources */,
				EA9216B11C856DBB00EA499B /* TriangleView.swift in Sources */,
				EA2898A51CD3E9080025F43B /* CommentViewController.swift in Sources */,
				EA01AF8A1C5CB3C500F56792 /* SignInViewController.swift in Sources */,
				EA4F495B1C5EBFA000103559 /* YBNBandEQNode.m in Sources */,
				EAB0E69F1C7813B5008945FF /* FUXData.swift in Sources */,
				EA09CAD41C5C86430067FF6A /* UITextFieldStyles.swift in Sources */,
				EA4F49681C5EBFA000103559 /* YBVarispeedConverter.m in Sources */,
				EACD2B401C75996600A6CFD6 /* HostInfoHolderView.swift in Sources */,
				EAB0E6981C780866008945FF /* YBDelay.m in Sources */,
				EA481DE81C630EED008E3E6E /* SelectSongCell.swift in Sources */,
				EA2898AE1CD4AD1F0025F43B /* UserSelectionCell.swift in Sources */,
				EA2898AA1CD461410025F43B /* MessagesViewController.swift in Sources */,
				EA4F49641C5EBFA000103559 /* YBDistortionFilter.m in Sources */,
				EA27B1FC1C5D2D05006F269D /* STMStream.swift in Sources */,
				EA4F495E1C5EBFA000103559 /* YBAudioComponent.m in Sources */,
				EA54E5C21CC5D8210033135B /* UIToolbarStyles.swift in Sources */,
				EA09CAD71C5C89A50067FF6A /* NavigationController.swift in Sources */,
				EA2898C21CD5CB390025F43B /* STMStreamMeta.swift in Sources */,
				EA01AF931C5CBCA600F56792 /* STMUser.swift in Sources */,
				EA4F49841C5EC05700103559 /* KZPlayerInner.m in Sources */,
				EA86DD001CCC281600064040 /* TimelineItemCell.swift in Sources */,
				EA4F49661C5EBFA000103559 /* YBScheduledSoundPlayer.m in Sources */,
				EA2898A71CD3ED1B0025F43B /* ExtendedUserCommentCell.swift in Sources */,
				EA2898C41CD5F13A0025F43B /* SettingsUserCell.swift in Sources */,
				EA4F49701C5EC04C00103559 /* KZConverter.m in Sources */,
				EAFFCB151C87E59300258C16 /* ObjectiveCProcessing.m in Sources */,
				EA2898B21CD4C5D80025F43B /* STMMessage.swift in Sources */,
				EA6F5B891CD1A99D00C9638D /* SettingsProfilePictureCell.swift in Sources */,
				EA86DD021CCC291D00064040 /* STMTimelineItem.swift in Sources */,
				EA4E494D1C617FA000CB40D7 /* GradientView.swift in Sources */,
				EA2898BA1CD4DD8F0025F43B /* ConvoCell.swift in Sources */,
				EA209DAA1C8292A800A22BC4 /* DashboardItemCell.swift in Sources */,
				EA4F49601C5EBFA000103559 /* YBAudioFilePlayer.m in Sources */,
				290F8C4F1DA9318A007237AE /* FeaturedStreamCell.swift in Sources */,
				EA09CAD21C5C85AF0067FF6A /* CreateAccountViewController.swift in Sources */,
				EA09CAAD1C5C41510067FF6A /* AppDelegate.swift in Sources */,
				EA4F495F1C5EBFA000103559 /* YBAudioException.m in Sources */,
				EA2898B41CD4D1060025F43B /* ConversationViewController.swift in Sources */,
				EAE063121C7E94D000C86823 /* CommentCell.swift in Sources */,
				EA09CAC41C5C5CD30067FF6A /* InitialViewController.swift in Sources */,
				EAB0E6A71C78EEB0008945FF /* UILabelStyles.swift in Sources */,
				EA209DAD1C829B8500A22BC4 /* DashboardItemCollectionCell.swift in Sources */,
				EA6F5B8B1CD1B1E400C9638D /* STMSetting.swift in Sources */,
				EA09CAC61C5C5D040067FF6A /* Window.swift in Sources */,
				EA24C0651C68418600FE4DD0 /* UpNextSongCell.swift in Sources */,
				EA4F49651C5EBFA000103559 /* YBMultiChannelMixer.m in Sources */,
				EA4E494B1C61416400CB40D7 /* Label.swift in Sources */,
				EA2898B01CD4C3ED0025F43B /* STMConversation.swift in Sources */,
				EA4F49631C5EBFA000103559 /* YBAudioUtils.m in Sources */,
				EA01AF961C5CC48700F56792 /* CreateStreamViewController.swift in Sources */,
				EAE063101C7E7A0900C86823 /* STMComment.swift in Sources */,
				EA01AF981C5CD67E00F56792 /* HostViewController.swift in Sources */,
				EA6F5B831CD1466900C9638D /* ProfileStatView.swift in Sources */,
				EA2898AC1CD4A7260025F43B /* NewMessageViewController.swift in Sources */,
				EA01AF911C5CB8DC00F56792 /* DashboardViewController.swift in Sources */,
				EA6F5B8D1CD224A400C9638D /* UserCommentCell.swift in Sources */,
				EA79C7A81CDD423E00A5CA94 /* FinishTwitterAccountViewController.swift in Sources */,
				EA4F49621C5EBFA000103559 /* YBAudioUnitNode.m in Sources */,
				290F8C4D1DA8A728007237AE /* UIVisualViewEffect.swift in Sources */,
				EA2898A21CD328520025F43B /* CellButton.swift in Sources */,
				EAE545041C76978F00180241 /* MeterTable.m in Sources */,
				EA09CAD01C5C84B00067FF6A /* UIButtonStyles.swift in Sources */,
				EAB0E6A01C7813B5008945FF /* FUXEasingCombinators.swift in Sources */,
				EA6F5B871CD1A90000C9638D /* ProfileSettingsViewController.swift in Sources */,
				EAFFCB171C8A1B1C00258C16 /* PlayerInfoHolderView.swift in Sources */,
				EA2898BE1CD535CD0025F43B /* TextField.swift in Sources */,
				EA4F495C1C5EBFA000103559 /* YBFormatConverter.m in Sources */,
				EA9216B31C857A4F00EA499B /* DashboardStreamInfo.swift in Sources */,
				EAB0E69E1C7813B5008945FF /* FUXCombinators.swift in Sources */,
				EA4E49481C613F7C00CB40D7 /* HostStreamCell.swift in Sources */,
				EA4F49691C5EBFA000103559 /* YBNewTimePitch.m in Sources */,
				EA3EF7D41CCEEE60009E4524 /* SearchViewController.swift in Sources */,
				EA4F495D1C5EBFA000103559 /* YBPresetEQNode.m in Sources */,
				EA4F498F1C5F2D3800103559 /* EZOutput.m in Sources */,
				EA4F49851C5EC05700103559 /* EZAudio.m in Sources */,
				EA79C7A61CDBEF2B00A5CA94 /* GradientSlider.swift in Sources */,
				EAFFCB121C876F5800258C16 /* PlayerViewController.swift in Sources */,
				EA3EF7D81CCF028F009E4524 /* SearchStreamCell.swift in Sources */,
				EAB0E6A11C7813B5008945FF /* FUXEngine.swift in Sources */,
				EA2898B71CD4D7430025F43B /* STMMessageOtherCell.swift in Sources */,
				EA27B2031C5D3312006F269D /* KZPlayerItem.swift in Sources */,
				EA3EF7D61CCF014C009E4524 /* SearchUserCell.swift in Sources */,
				290F8C4B1DA8A350007237AE /* TabBarController.swift in Sources */,
				EA09CAC81C5C5D170067FF6A /* Constants.swift in Sources */,
				EA6F5B811CD1392A00C9638D /* ProfileViewController.swift in Sources */,
				EA24C0631C683F8300FE4DD0 /* MCSwipeCell.swift in Sources */,
				EA4F49671C5EBFA000103559 /* YBTremoloFilter.m in Sources */,
			);
			runOnlyForDeploymentPostprocessing = 0;
		};
/* End PBXSourcesBuildPhase section */

/* Begin PBXTargetDependency section */
		29DA0B291CFA031600E30ADE /* PBXTargetDependency */ = {
			isa = PBXTargetDependency;
			target = EA09CAA81C5C41510067FF6A /* STM */;
			targetProxy = 29DA0B281CFA031600E30ADE /* PBXContainerItemProxy */;
		};
/* End PBXTargetDependency section */

/* Begin XCBuildConfiguration section */
		29DA0B2B1CFA031600E30ADE /* Debug */ = {
			isa = XCBuildConfiguration;
			buildSettings = {
				BUNDLE_LOADER = "$(TEST_HOST)";
				CLANG_ANALYZER_NONNULL = YES;
				INFOPLIST_FILE = STMTests/Info.plist;
				LD_RUNPATH_SEARCH_PATHS = "$(inherited) @executable_path/Frameworks @loader_path/Frameworks";
				PRODUCT_BUNDLE_IDENTIFIER = com.stormedgeapps.STMTests;
				PRODUCT_NAME = "$(TARGET_NAME)";
				SWIFT_VERSION = 3.0;
				TEST_HOST = "$(BUILT_PRODUCTS_DIR)/STM.app/STM";
			};
			name = Debug;
		};
		29DA0B2C1CFA031600E30ADE /* Release */ = {
			isa = XCBuildConfiguration;
			buildSettings = {
				BUNDLE_LOADER = "$(TEST_HOST)";
				CLANG_ANALYZER_NONNULL = YES;
				INFOPLIST_FILE = STMTests/Info.plist;
				LD_RUNPATH_SEARCH_PATHS = "$(inherited) @executable_path/Frameworks @loader_path/Frameworks";
				PRODUCT_BUNDLE_IDENTIFIER = com.stormedgeapps.STMTests;
				PRODUCT_NAME = "$(TARGET_NAME)";
				SWIFT_VERSION = 3.0;
				TEST_HOST = "$(BUILT_PRODUCTS_DIR)/STM.app/STM";
			};
			name = Release;
		};
		EA09CAB91C5C41510067FF6A /* Debug */ = {
			isa = XCBuildConfiguration;
			buildSettings = {
				ALWAYS_SEARCH_USER_PATHS = NO;
				CLANG_CXX_LANGUAGE_STANDARD = "gnu++0x";
				CLANG_CXX_LIBRARY = "libc++";
				CLANG_ENABLE_MODULES = YES;
				CLANG_ENABLE_OBJC_ARC = YES;
				CLANG_WARN_BOOL_CONVERSION = YES;
				CLANG_WARN_CONSTANT_CONVERSION = YES;
				CLANG_WARN_DIRECT_OBJC_ISA_USAGE = YES_ERROR;
				CLANG_WARN_EMPTY_BODY = YES;
				CLANG_WARN_ENUM_CONVERSION = YES;
				CLANG_WARN_INFINITE_RECURSION = YES;
				CLANG_WARN_INT_CONVERSION = YES;
				CLANG_WARN_OBJC_ROOT_CLASS = YES_ERROR;
				CLANG_WARN_SUSPICIOUS_MOVE = YES;
				CLANG_WARN_UNREACHABLE_CODE = YES;
				CLANG_WARN__DUPLICATE_METHOD_MATCH = YES;
				"CODE_SIGN_IDENTITY[sdk=iphoneos*]" = "iPhone Developer";
				COPY_PHASE_STRIP = NO;
				DEBUG_INFORMATION_FORMAT = dwarf;
				ENABLE_STRICT_OBJC_MSGSEND = YES;
				ENABLE_TESTABILITY = YES;
				GCC_C_LANGUAGE_STANDARD = gnu99;
				GCC_DYNAMIC_NO_PIC = NO;
				GCC_NO_COMMON_BLOCKS = YES;
				GCC_OPTIMIZATION_LEVEL = 0;
				GCC_PREPROCESSOR_DEFINITIONS = (
					"DEBUG=1",
					"$(inherited)",
				);
				GCC_WARN_64_TO_32_BIT_CONVERSION = YES;
				GCC_WARN_ABOUT_RETURN_TYPE = YES_ERROR;
				GCC_WARN_UNDECLARED_SELECTOR = YES;
				GCC_WARN_UNINITIALIZED_AUTOS = YES_AGGRESSIVE;
				GCC_WARN_UNUSED_FUNCTION = YES;
				GCC_WARN_UNUSED_VARIABLE = YES;
				IPHONEOS_DEPLOYMENT_TARGET = 9.3;
				MTL_ENABLE_DEBUG_INFO = YES;
				ONLY_ACTIVE_ARCH = YES;
				SDKROOT = iphoneos;
				SWIFT_OPTIMIZATION_LEVEL = "-Onone";
				TARGETED_DEVICE_FAMILY = "1,2";
			};
			name = Debug;
		};
		EA09CABA1C5C41510067FF6A /* Release */ = {
			isa = XCBuildConfiguration;
			buildSettings = {
				ALWAYS_SEARCH_USER_PATHS = NO;
				CLANG_CXX_LANGUAGE_STANDARD = "gnu++0x";
				CLANG_CXX_LIBRARY = "libc++";
				CLANG_ENABLE_MODULES = YES;
				CLANG_ENABLE_OBJC_ARC = YES;
				CLANG_WARN_BOOL_CONVERSION = YES;
				CLANG_WARN_CONSTANT_CONVERSION = YES;
				CLANG_WARN_DIRECT_OBJC_ISA_USAGE = YES_ERROR;
				CLANG_WARN_EMPTY_BODY = YES;
				CLANG_WARN_ENUM_CONVERSION = YES;
				CLANG_WARN_INFINITE_RECURSION = YES;
				CLANG_WARN_INT_CONVERSION = YES;
				CLANG_WARN_OBJC_ROOT_CLASS = YES_ERROR;
				CLANG_WARN_SUSPICIOUS_MOVE = YES;
				CLANG_WARN_UNREACHABLE_CODE = YES;
				CLANG_WARN__DUPLICATE_METHOD_MATCH = YES;
				"CODE_SIGN_IDENTITY[sdk=iphoneos*]" = "iPhone Developer";
				COPY_PHASE_STRIP = NO;
				DEBUG_INFORMATION_FORMAT = "dwarf-with-dsym";
				ENABLE_NS_ASSERTIONS = NO;
				ENABLE_STRICT_OBJC_MSGSEND = YES;
				GCC_C_LANGUAGE_STANDARD = gnu99;
				GCC_NO_COMMON_BLOCKS = YES;
				GCC_WARN_64_TO_32_BIT_CONVERSION = YES;
				GCC_WARN_ABOUT_RETURN_TYPE = YES_ERROR;
				GCC_WARN_UNDECLARED_SELECTOR = YES;
				GCC_WARN_UNINITIALIZED_AUTOS = YES_AGGRESSIVE;
				GCC_WARN_UNUSED_FUNCTION = YES;
				GCC_WARN_UNUSED_VARIABLE = YES;
				IPHONEOS_DEPLOYMENT_TARGET = 9.3;
				MTL_ENABLE_DEBUG_INFO = NO;
				SDKROOT = iphoneos;
				SWIFT_OPTIMIZATION_LEVEL = "-Owholemodule";
				TARGETED_DEVICE_FAMILY = "1,2";
				VALIDATE_PRODUCT = YES;
			};
			name = Release;
		};
		EA09CABC1C5C41510067FF6A /* Debug */ = {
			isa = XCBuildConfiguration;
			baseConfigurationReference = E089FBE7B08BC56B57936FF1 /* Pods-STM.debug.xcconfig */;
			buildSettings = {
				ALWAYS_EMBED_SWIFT_STANDARD_LIBRARIES = YES;
				ASSETCATALOG_COMPILER_APPICON_NAME = AppIcon;
				CODE_SIGN_ENTITLEMENTS = STM/STM.entitlements;
				CODE_SIGN_IDENTITY = "iPhone Developer";
				"CODE_SIGN_IDENTITY[sdk=iphoneos*]" = "iPhone Developer";
				CURRENT_PROJECT_VERSION = 2147;
				DEBUG_INFORMATION_FORMAT = "dwarf-with-dsym";
				DEVELOPMENT_TEAM = FYHEVSXTTV;
				INFOPLIST_FILE = STM/Info.plist;
				IPHONEOS_DEPLOYMENT_TARGET = 9.0;
				LD_RUNPATH_SEARCH_PATHS = "$(inherited) @executable_path/Frameworks";
				OTHER_SWIFT_FLAGS = "$(inherited) \"-D\" \"COCOAPODS\" -DDEBUG";
				PRODUCT_BUNDLE_IDENTIFIER = com.stormedgeapps.streamtome;
				PRODUCT_NAME = STM;
				PROVISIONING_PROFILE = "29d19036-9732-462d-9929-051153378762";
				PROVISIONING_PROFILE_SPECIFIER = "match Development com.stormedgeapps.streamtome";
				RESOURCES_TARGETED_DEVICE_FAMILY = "";
				SWIFT_OBJC_BRIDGING_HEADER = "STM/Extras/STM-Bridging-Header.h";
				SWIFT_VERSION = 3.0;
				TARGETED_DEVICE_FAMILY = 1;
				VERSIONING_SYSTEM = "apple-generic";
			};
			name = Debug;
		};
		EA09CABD1C5C41510067FF6A /* Release */ = {
			isa = XCBuildConfiguration;
			baseConfigurationReference = ACB77300A114E3FC1AE33834 /* Pods-STM.release.xcconfig */;
			buildSettings = {
				ALWAYS_EMBED_SWIFT_STANDARD_LIBRARIES = YES;
				ASSETCATALOG_COMPILER_APPICON_NAME = AppIcon;
				CODE_SIGN_ENTITLEMENTS = STM/STM.entitlements;
				CODE_SIGN_IDENTITY = "iPhone Developer";
				"CODE_SIGN_IDENTITY[sdk=iphoneos*]" = "iPhone Distribution";
				CURRENT_PROJECT_VERSION = 2147;
				DEVELOPMENT_TEAM = FYHEVSXTTV;
				INFOPLIST_FILE = STM/Info.plist;
				IPHONEOS_DEPLOYMENT_TARGET = 9.0;
				LD_RUNPATH_SEARCH_PATHS = "$(inherited) @executable_path/Frameworks";
				OTHER_SWIFT_FLAGS = "$(inherited) \"-D\" \"COCOAPODS\"";
				PRODUCT_BUNDLE_IDENTIFIER = com.stormedgeapps.streamtome;
				PRODUCT_NAME = STM;
				PROVISIONING_PROFILE = "98802545-0e48-4587-8319-f298ff9f778c";
				PROVISIONING_PROFILE_SPECIFIER = "match AppStore com.stormedgeapps.streamtome";
				RESOURCES_TARGETED_DEVICE_FAMILY = "";
				SWIFT_OBJC_BRIDGING_HEADER = "STM/Extras/STM-Bridging-Header.h";
				SWIFT_VERSION = 3.0;
				TARGETED_DEVICE_FAMILY = 1;
				VERSIONING_SYSTEM = "apple-generic";
			};
			name = Release;
		};
/* End XCBuildConfiguration section */

/* Begin XCConfigurationList section */
		29DA0B2A1CFA031600E30ADE /* Build configuration list for PBXNativeTarget "STMTests" */ = {
			isa = XCConfigurationList;
			buildConfigurations = (
				29DA0B2B1CFA031600E30ADE /* Debug */,
				29DA0B2C1CFA031600E30ADE /* Release */,
			);
			defaultConfigurationIsVisible = 0;
			defaultConfigurationName = Release;
		};
		EA09CAA41C5C41510067FF6A /* Build configuration list for PBXProject "STM" */ = {
			isa = XCConfigurationList;
			buildConfigurations = (
				EA09CAB91C5C41510067FF6A /* Debug */,
				EA09CABA1C5C41510067FF6A /* Release */,
			);
			defaultConfigurationIsVisible = 0;
			defaultConfigurationName = Release;
		};
		EA09CABB1C5C41510067FF6A /* Build configuration list for PBXNativeTarget "STM" */ = {
			isa = XCConfigurationList;
			buildConfigurations = (
				EA09CABC1C5C41510067FF6A /* Debug */,
				EA09CABD1C5C41510067FF6A /* Release */,
			);
			defaultConfigurationIsVisible = 0;
			defaultConfigurationName = Release;
		};
/* End XCConfigurationList section */
	};
	rootObject = EA09CAA11C5C41510067FF6A /* Project object */;
}
