PODS:
  - Alamofire (4.7.0)
  - ALCameraViewController (3.0.3)
  - CocoaSecurity (1.2.4)
  - Crashlytics (3.10.1):
    - Fabric (~> 1.7.5)
  - CryptoSwift (0.8.3)
  - DateTools (2.0.0)
  - DGElasticPullToRefresh (1.1)
  - Fabric (1.7.6)
  - Gloss (2.0.0)
  - Hashids-Swift (0.3.1)
  - HPGrowingTextView (1.1)
  - Keynode (2.0.0)
  - KILabel (1.0.1)
  - Kingfisher (4.6.4)
  - KMPlaceholderTextView (1.3.0)
  - KZ (2.2.3):
    - PureLayout
    - Reusable
  - M13ProgressSuite (1.2.9)
  - NYSegmentedControl (1.1.0)
  - PRTween (0.1.0)
  - PureLayout (3.0.2)
  - Reusable (4.0.2):
    - Reusable/Storyboard (= 4.0.2)
    - Reusable/View (= 4.0.2)
  - Reusable/Storyboard (4.0.2)
  - Reusable/View (4.0.2)
  - SAConfettiView (0.1.8)
  - SecureNSUserDefaults (1.0.1):
    - CocoaSecurity (~> 1.2.4)
  - Socket.IO-Client-Swift (13.1.2):
    - Starscream (~> 3.0.2)
  - SpinKit (1.2.0)
  - Starscream (3.0.4)
  - StreamingKit (0.1.30)
  - SWXMLHash (4.6.0)
  - TwitterCore (3.1.0)
  - TwitterKit (3.3.0):
    - TwitterCore (>= 3.1.0)

DEPENDENCIES:
  - Alamofire
  - ALCameraViewController
  - Crashlytics
  - CryptoSwift
  - DateTools (from `https://github.com/MatthewYork/DateTools.git`, branch `swift`)
  - DGElasticPullToRefresh
  - Fabric
  - Gloss
  - Hashids-Swift (from `https://github.com/malczak/hashids`, branch `master`)
  - HPGrowingTextView
  - Keynode
  - KILabel
  - Kingfisher
  - KMPlaceholderTextView
  - KZ (from `https://github.com/k3zi/KZ.git`, branch `master`)
  - M13ProgressSuite
  - NYSegmentedControl
  - PRTween
  - PureLayout
  - Reusable
  - SAConfettiView
  - SecureNSUserDefaults
  - Socket.IO-Client-Swift
  - SpinKit
  - StreamingKit
  - SWXMLHash
  - TwitterCore
  - TwitterKit

EXTERNAL SOURCES:
  DateTools:
    :branch: swift
    :git: https://github.com/MatthewYork/DateTools.git
  Hashids-Swift:
    :branch: master
    :git: https://github.com/malczak/hashids
  KZ:
    :branch: master
    :git: https://github.com/k3zi/KZ.git

CHECKOUT OPTIONS:
  DateTools:
    :commit: c36311e6c0b28103f32311b54f1d27a334785bcc
    :git: https://github.com/MatthewYork/DateTools.git
  Hashids-Swift:
    :commit: 34170e1b73787e89a7802831be8cf06bb82d648e
    :git: https://github.com/malczak/hashids
  KZ:
    :commit: 7c29ca1c4fb76118dabb45d8f711d17e1fef9061
    :git: https://github.com/k3zi/KZ.git

SPEC CHECKSUMS:
  Alamofire: 907e0a98eb68cdb7f9d1f541a563d6ac5dc77b25
  ALCameraViewController: 6398a9282057f709b87a1ecc52a83b48028ade64
  CocoaSecurity: d288a6f87e0f363823d2cb83e753814a6944f71a
  Crashlytics: aee1a064cbbf99b32efa3f056a5f458d846bc8ff
  CryptoSwift: 033efc3523865d19cc6ab6612fa17a62613b5dfa
  DateTools: 9a92563d4567296fb6fa8ae586321159c514c8c6
  DGElasticPullToRefresh: 28f11a6026302a90f8ffebbc6e24748e584dddd3
  Fabric: f8d42c893bb187326a7968b62abe55c36a987a46
  Gloss: b67617f327406adfd47adf20172d00680a3a31bd
  Hashids-Swift: b327671abc1ac721e6cc9691ffd668525224b64a
  HPGrowingTextView: 88a716d97fb853bcb08a4a08e4727da17efc9b19
  Keynode: 7e07b14c1afd4f2bba33e77a54eb3bf76ebb076f
  KILabel: 4797807cdc0b4992dad8bf91175ddc973c3b569b
  Kingfisher: 68498a706e46c2a050b0c9572f100e5db407f6e0
  KMPlaceholderTextView: 2bbcd19a273648a80a61e1e48f9743a24d8930e3
  KZ: bedfdcea546f4f4ecc014355d025559f74dcefb6
  M13ProgressSuite: ea9f7263e73e9215e6849dfa54e29ee0ad6a145c
  NYSegmentedControl: a92726c9e459919549f94328389ffcdaecefebfe
  PRTween: 6c58c7e32ebcf31e33e6a6e6bc727ebef3b668ef
  PureLayout: 4d550abe49a94f24c2808b9b95db9131685fe4cd
  Reusable: 584a5629747c52e0f6a77841b400dc2643f6fa0f
  SAConfettiView: c87031a2280659261b730fce3669fb10e73636ee
  SecureNSUserDefaults: 8a07fc6a6fde31c7f8fa6ead73d3c9c3706a6364
  Socket.IO-Client-Swift: 010d2f464bdd1849b859c0cd0500d68194401ac8
  SpinKit: 65906a8b534a4e14cbfd3f8b0b6c329131faef4a
  Starscream: f5da93fe6984c77b694366bf7299b7dc63a76f26
  StreamingKit: 70ca8608c206864b4d54a577eacb3c8bf7c72209
  SWXMLHash: 3c39a53723202800e9e1a87f14b2fe7ac1da98ec
  TwitterCore: 644d59e75abccb26cf0a9050d2c4dea0e5412241
  TwitterKit: a2e60ddcedbf54091eac6f27685ca7a87681e1d7

PODFILE CHECKSUM: 4b551572c7160cc1db72d4613c3a0209df5f6632

COCOAPODS: 1.4.0
